# This file is automatically @generated by Cargo.
# It is not intended for manual editing.
version = 4

[[package]]
name = "bitflags"
version = "2.9.0"
source = "registry+https://github.com/rust-lang/crates.io-index"
checksum = "5c8214115b7bf84099f1309324e63141d4c5d7cc26862f97a0a857dbefe165bd"

[[package]]
name = "cross-chronox"
version = "0.1.0"
dependencies = [
 "sdl3",
]

[[package]]
name = "lazy_static"
version = "1.5.0"
source = "registry+https://github.com/rust-lang/crates.io-index"
checksum = "bbd2bcb4c963f2ddae06a2efc7e9f3591312473c50c6685e1f298068316e66fe"

[[package]]
name = "libc"
version = "0.2.171"
source = "registry+https://github.com/rust-lang/crates.io-index"
checksum = "c19937216e9d3aa9956d9bb8dfc0b0c8beb6058fc4f7a4dc4d850edf86a237d6"

[[package]]
name = "sdl3"
version = "0.14.17"
source = "registry+https://github.com/rust-lang/crates.io-index"
checksum = "989477fb13a1b947349836641aa5ca8eee06470e87c72c156cfabf05c7c52456"
dependencies = [
 "bitflags",
 "lazy_static",
 "libc",
 "sdl3-image-sys",
 "sdl3-sys",
 "sdl3-ttf-sys",
]

[[package]]
name = "sdl3-image-sys"
version = "0.1.2"
source = "registry+https://github.com/rust-lang/crates.io-index"
checksum = "0df364a60f4c203e2cfb24e574100ccabb73736d8bf66fcdb40e8064e74537d7"
dependencies = [
 "sdl3-sys",
]

[[package]]
name = "sdl3-sys"
version = "0.4.6+SDL3-3.2.8"
source = "registry+https://github.com/rust-lang/crates.io-index"
checksum = "13aa26235cbf336f5b273dc18a873142285529e4fef503882e05a6f986466939"
dependencies = [
 "vcpkg",
]

[[package]]
name = "sdl3-ttf-sys"
version = "0.1.0"
source = "registry+https://github.com/rust-lang/crates.io-index"
checksum = "327fa0306aeaafe1d2edfff3d20c1b6557070790562e604a3f7d2e8215387317"
dependencies = [
 "sdl3-sys",
]

[[package]]
name = "vcpkg"
version = "0.2.15"
source = "registry+https://github.com/rust-lang/crates.io-index"
checksum = "accd4ea62f7bb7a82fe23066fb0957d48ef677f6eeb8215f372f52e48bb32426"
