// !$*UTF8*$!
{
	archiveVersion = 1;
	classes = {
	};
	objectVersion = 46;
	objects = {

/* Begin PBXBuildFile section */
		5614FD221DB0C2F30072FBC9 /* MD5.cpp in Sources */ = {isa = PBXBuildFile; fileRef = 5614FD201DB0C2F30072FBC9 /* MD5.cpp */; };
		562C45DC1DFBAA0500E46B65 /* WavBuffer.cpp in Sources */ = {isa = PBXBuildFile; fileRef = 562C45DA1DFBAA0500E46B65 /* WavBuffer.cpp */; };
		562C45DF1DFBAE0300E46B65 /* WavPlayer.cpp in Sources */ = {isa = PBXBuildFile; fileRef = 562C45DD1DFBAE0300E46B65 /* WavPlayer.cpp */; };
		562F3BA61E0E12100022E9DA /* ScoreDirectoryLoader.cpp in Sources */ = {isa = PBXBuildFile; fileRef = 562F3BA41E0E12100022E9DA /* ScoreDirectoryLoader.cpp */; };
		562F3BA91E0E32370022E9DA /* DefaultFont.cpp in Sources */ = {isa = PBXBuildFile; fileRef = 562F3BA71E0E32370022E9DA /* DefaultFont.cpp */; };
		56305A631E0BD87100750B13 /* SelectMusic.cpp in Sources */ = {isa = PBXBuildFile; fileRef = 56305A611E0BD87100750B13 /* SelectMusic.cpp */; };
		56305A6A1E0BDCAF00750B13 /* ScoreInfoBase.cpp in Sources */ = {isa = PBXBuildFile; fileRef = 56305A681E0BDCAF00750B13 /* ScoreInfoBase.cpp */; };
		56305A6D1E0BDE3B00750B13 /* ScoreDirectoryInfo.cpp in Sources */ = {isa = PBXBuildFile; fileRef = 56305A6B1E0BDE3B00750B13 /* ScoreDirectoryInfo.cpp */; };
		563C71151DAB3C9000CCD81F /* Application.cpp in Sources */ = {isa = PBXBuildFile; fileRef = 563C70FD1DAB3C9000CCD81F /* Application.cpp */; };
		563C71171DAB3C9000CCD81F /* InputManager.cpp in Sources */ = {isa = PBXBuildFile; fileRef = 563C71011DAB3C9000CCD81F /* InputManager.cpp */; };
		563C71181DAB3C9000CCD81F /* main.cpp in Sources */ = {isa = PBXBuildFile; fileRef = 563C71031DAB3C9000CCD81F /* main.cpp */; };
		563C71191DAB3C9000CCD81F /* Path_macOS.mm in Sources */ = {isa = PBXBuildFile; fileRef = 563C71061DAB3C9000CCD81F /* Path_macOS.mm */; };
		563C711A1DAB3C9000CCD81F /* pch.cpp in Sources */ = {isa = PBXBuildFile; fileRef = 563C71071DAB3C9000CCD81F /* pch.cpp */; };
		563C711D1DAB3C9000CCD81F /* SceneManager.cpp in Sources */ = {isa = PBXBuildFile; fileRef = 563C710E1DAB3C9000CCD81F /* SceneManager.cpp */; };
		563C712C1DAB3D3B00CCD81F /* sfeMovie.framework in Frameworks */ = {isa = PBXBuildFile; fileRef = 563C712B1DAB3D3B00CCD81F /* sfeMovie.framework */; };
		563C712F1DAB3D6400CCD81F /* sfeMovie.framework in CopyFiles */ = {isa = PBXBuildFile; fileRef = 563C712B1DAB3D3B00CCD81F /* sfeMovie.framework */; settings = {ATTRIBUTES = (CodeSignOnCopy, RemoveHeadersOnCopy, ); }; };
		563C713B1DABD71C00CCD81F /* BmsLoader.cpp in Sources */ = {isa = PBXBuildFile; fileRef = 563C71371DABD71C00CCD81F /* BmsLoader.cpp */; };
		563C713F1DABD74800CCD81F /* ScoreData.cpp in Sources */ = {isa = PBXBuildFile; fileRef = 563C713D1DABD74800CCD81F /* ScoreData.cpp */; };
		563C71421DABD7E400CCD81F /* PlayScore.cpp in Sources */ = {isa = PBXBuildFile; fileRef = 563C71401DABD7E400CCD81F /* PlayScore.cpp */; };
		563DD46C1E194698002B98A6 /* libboost_filesystem-mt.a in Frameworks */ = {isa = PBXBuildFile; fileRef = 563DD4661E194698002B98A6 /* libboost_filesystem-mt.a */; };
		563DD46D1E194698002B98A6 /* libboost_filesystem.a in Frameworks */ = {isa = PBXBuildFile; fileRef = 563DD4671E194698002B98A6 /* libboost_filesystem.a */; };
		563DD46E1E194698002B98A6 /* libboost_serialization-mt.a in Frameworks */ = {isa = PBXBuildFile; fileRef = 563DD4681E194698002B98A6 /* libboost_serialization-mt.a */; };
		563DD46F1E194698002B98A6 /* libboost_serialization.a in Frameworks */ = {isa = PBXBuildFile; fileRef = 563DD4691E194698002B98A6 /* libboost_serialization.a */; };
		563DD4701E194698002B98A6 /* libboost_system-mt.a in Frameworks */ = {isa = PBXBuildFile; fileRef = 563DD46A1E194698002B98A6 /* libboost_system-mt.a */; };
		563DD4711E194698002B98A6 /* libboost_system.a in Frameworks */ = {isa = PBXBuildFile; fileRef = 563DD46B1E194698002B98A6 /* libboost_system.a */; };
		5645D3291E1657E700AFBB16 /* ScoreInfo.cpp in Sources */ = {isa = PBXBuildFile; fileRef = 5645D3271E1657E700AFBB16 /* ScoreInfo.cpp */; };
		565414BE1DB28186001E608A /* libcryptopp.a in Frameworks */ = {isa = PBXBuildFile; fileRef = 565414BD1DB28186001E608A /* libcryptopp.a */; };
		56B090631E180FD300EDB891 /* libiconv.2.dylib in Frameworks */ = {isa = PBXBuildFile; fileRef = 56B090601E180FD200EDB891 /* libiconv.2.dylib */; };
		56D4A2681E05416800198EF6 /* Scene.cpp in Sources */ = {isa = PBXBuildFile; fileRef = 56D4A2661E05416800198EF6 /* Scene.cpp */; };
		56E4C14E1E05756E008A4D0C /* QtCore.framework in Frameworks */ = {isa = PBXBuildFile; fileRef = 56E4C14B1E05756E008A4D0C /* QtCore.framework */; };
		56E4C14F1E05756E008A4D0C /* QtGui.framework in Frameworks */ = {isa = PBXBuildFile; fileRef = 56E4C14C1E05756E008A4D0C /* QtGui.framework */; };
		56E4C1501E05756E008A4D0C /* QtWidgets.framework in Frameworks */ = {isa = PBXBuildFile; fileRef = 56E4C14D1E05756E008A4D0C /* QtWidgets.framework */; };
		56E4C15A1E0576C9008A4D0C /* QtCore.framework in CopyFiles */ = {isa = PBXBuildFile; fileRef = 56E4C14B1E05756E008A4D0C /* QtCore.framework */; settings = {ATTRIBUTES = (CodeSignOnCopy, RemoveHeadersOnCopy, ); }; };
		56E4C15B1E0576C9008A4D0C /* QtGui.framework in CopyFiles */ = {isa = PBXBuildFile; fileRef = 56E4C14C1E05756E008A4D0C /* QtGui.framework */; settings = {ATTRIBUTES = (CodeSignOnCopy, RemoveHeadersOnCopy, ); }; };
		56E4C15C1E0576C9008A4D0C /* QtWidgets.framework in CopyFiles */ = {isa = PBXBuildFile; fileRef = 56E4C14D1E05756E008A4D0C /* QtWidgets.framework */; settings = {ATTRIBUTES = (CodeSignOnCopy, RemoveHeadersOnCopy, ); }; };
		56E4C1621E059730008A4D0C /* Result.cpp in Sources */ = {isa = PBXBuildFile; fileRef = 56E4C1601E059730008A4D0C /* Result.cpp */; };
		56EAC9FF1DCC191A00511911 /* ScorePlayer.cpp in Sources */ = {isa = PBXBuildFile; fileRef = 56EAC9FD1DCC191A00511911 /* ScorePlayer.cpp */; };
		56EACA061DCC509300511911 /* TimeManager.cpp in Sources */ = {isa = PBXBuildFile; fileRef = 56EACA041DCC509300511911 /* TimeManager.cpp */; };
		56F1CB4B1DEB2D78007BD827 /* WavManager.cpp in Sources */ = {isa = PBXBuildFile; fileRef = 56F1CB491DEB2D78007BD827 /* WavManager.cpp */; };
/* End PBXBuildFile section */

/* Begin PBXCopyFilesBuildPhase section */
		563C712E1DAB3D5600CCD81F /* CopyFiles */ = {
			isa = PBXCopyFilesBuildPhase;
			buildActionMask = 2147483647;
			dstPath = "";
			dstSubfolderSpec = 10;
			files = (
				56E4C15A1E0576C9008A4D0C /* QtCore.framework in CopyFiles */,
				56E4C15B1E0576C9008A4D0C /* QtGui.framework in CopyFiles */,
				56E4C15C1E0576C9008A4D0C /* QtWidgets.framework in CopyFiles */,
				563C712F1DAB3D6400CCD81F /* sfeMovie.framework in CopyFiles */,
			);
			runOnlyForDeploymentPostprocessing = 0;
		};
/* End PBXCopyFilesBuildPhase section */

/* Begin PBXFileReference section */
		5614FD201DB0C2F30072FBC9 /* MD5.cpp */ = {isa = PBXFileReference; fileEncoding = 4; lastKnownFileType = sourcecode.cpp.cpp; path = MD5.cpp; sourceTree = "<group>"; };
		5614FD211DB0C2F30072FBC9 /* MD5.hpp */ = {isa = PBXFileReference; fileEncoding = 4; lastKnownFileType = sourcecode.cpp.h; path = MD5.hpp; sourceTree = "<group>"; };
		562C45DA1DFBAA0500E46B65 /* WavBuffer.cpp */ = {isa = PBXFileReference; fileEncoding = 4; lastKnownFileType = sourcecode.cpp.cpp; path = WavBuffer.cpp; sourceTree = "<group>"; };
		562C45DB1DFBAA0500E46B65 /* WavBuffer.hpp */ = {isa = PBXFileReference; fileEncoding = 4; lastKnownFileType = sourcecode.cpp.h; path = WavBuffer.hpp; sourceTree = "<group>"; };
		562C45DD1DFBAE0300E46B65 /* WavPlayer.cpp */ = {isa = PBXFileReference; fileEncoding = 4; lastKnownFileType = sourcecode.cpp.cpp; path = WavPlayer.cpp; sourceTree = "<group>"; };
		562C45DE1DFBAE0300E46B65 /* WavPlayer.hpp */ = {isa = PBXFileReference; fileEncoding = 4; lastKnownFileType = sourcecode.cpp.h; path = WavPlayer.hpp; sourceTree = "<group>"; };
		562F3BA41E0E12100022E9DA /* ScoreDirectoryLoader.cpp */ = {isa = PBXFileReference; fileEncoding = 4; lastKnownFileType = sourcecode.cpp.cpp; path = ScoreDirectoryLoader.cpp; sourceTree = "<group>"; };
		562F3BA51E0E12100022E9DA /* ScoreDirectoryLoader.hpp */ = {isa = PBXFileReference; fileEncoding = 4; lastKnownFileType = sourcecode.cpp.h; path = ScoreDirectoryLoader.hpp; sourceTree = "<group>"; };
		562F3BA71E0E32370022E9DA /* DefaultFont.cpp */ = {isa = PBXFileReference; fileEncoding = 4; lastKnownFileType = sourcecode.cpp.cpp; path = DefaultFont.cpp; sourceTree = "<group>"; };
		562F3BA81E0E32370022E9DA /* DefaultFont.hpp */ = {isa = PBXFileReference; fileEncoding = 4; lastKnownFileType = sourcecode.cpp.h; path = DefaultFont.hpp; sourceTree = "<group>"; };
		56305A611E0BD87100750B13 /* SelectMusic.cpp */ = {isa = PBXFileReference; fileEncoding = 4; lastKnownFileType = sourcecode.cpp.cpp; path = SelectMusic.cpp; sourceTree = "<group>"; };
		56305A621E0BD87100750B13 /* SelectMusic.hpp */ = {isa = PBXFileReference; fileEncoding = 4; lastKnownFileType = sourcecode.cpp.h; path = SelectMusic.hpp; sourceTree = "<group>"; };
		56305A681E0BDCAF00750B13 /* ScoreInfoBase.cpp */ = {isa = PBXFileReference; fileEncoding = 4; lastKnownFileType = sourcecode.cpp.cpp; path = ScoreInfoBase.cpp; sourceTree = "<group>"; };
		56305A691E0BDCAF00750B13 /* ScoreInfoBase.hpp */ = {isa = PBXFileReference; fileEncoding = 4; lastKnownFileType = sourcecode.cpp.h; path = ScoreInfoBase.hpp; sourceTree = "<group>"; };
		56305A6B1E0BDE3B00750B13 /* ScoreDirectoryInfo.cpp */ = {isa = PBXFileReference; fileEncoding = 4; lastKnownFileType = sourcecode.cpp.cpp; path = ScoreDirectoryInfo.cpp; sourceTree = "<group>"; };
		56305A6C1E0BDE3B00750B13 /* ScoreDirectoryInfo.hpp */ = {isa = PBXFileReference; fileEncoding = 4; lastKnownFileType = sourcecode.cpp.h; path = ScoreDirectoryInfo.hpp; sourceTree = "<group>"; };
		5637B4831DE4806F00589544 /* Exception.hpp */ = {isa = PBXFileReference; fileEncoding = 4; lastKnownFileType = sourcecode.cpp.h; path = Exception.hpp; sourceTree = "<group>"; };
		563C70E51DAB3C5700CCD81F /* CrossChronox.app */ = {isa = PBXFileReference; explicitFileType = wrapper.application; includeInIndex = 0; path = CrossChronox.app; sourceTree = BUILT_PRODUCTS_DIR; };
		563C70E91DAB3C5700CCD81F /* CrossChronox-Info.plist */ = {isa = PBXFileReference; lastKnownFileType = text.plist.xml; name = "CrossChronox-Info.plist"; path = "../Supporting Files/CrossChronox-Info.plist"; sourceTree = "<group>"; };
		563C70FD1DAB3C9000CCD81F /* Application.cpp */ = {isa = PBXFileReference; fileEncoding = 4; lastKnownFileType = sourcecode.cpp.cpp; path = Application.cpp; sourceTree = "<group>"; };
		563C70FE1DAB3C9000CCD81F /* Application.hpp */ = {isa = PBXFileReference; fileEncoding = 4; lastKnownFileType = sourcecode.cpp.h; path = Application.hpp; sourceTree = "<group>"; };
		563C71011DAB3C9000CCD81F /* InputManager.cpp */ = {isa = PBXFileReference; fileEncoding = 4; lastKnownFileType = sourcecode.cpp.cpp; path = InputManager.cpp; sourceTree = "<group>"; };
		563C71021DAB3C9000CCD81F /* InputManager.hpp */ = {isa = PBXFileReference; fileEncoding = 4; lastKnownFileType = sourcecode.cpp.h; path = InputManager.hpp; sourceTree = "<group>"; };
		563C71031DAB3C9000CCD81F /* main.cpp */ = {isa = PBXFileReference; fileEncoding = 4; lastKnownFileType = sourcecode.cpp.cpp; path = main.cpp; sourceTree = "<group>"; };
		563C71051DAB3C9000CCD81F /* Path.hpp */ = {isa = PBXFileReference; fileEncoding = 4; lastKnownFileType = sourcecode.cpp.h; name = Path.hpp; path = CrossChronox/Platform/Path.hpp; sourceTree = "<group>"; };
		563C71061DAB3C9000CCD81F /* Path_macOS.mm */ = {isa = PBXFileReference; fileEncoding = 4; lastKnownFileType = sourcecode.cpp.objcpp; name = Path_macOS.mm; path = CrossChronox/Platform/Path_macOS.mm; sourceTree = SOURCE_ROOT; };
		563C71071DAB3C9000CCD81F /* pch.cpp */ = {isa = PBXFileReference; fileEncoding = 4; lastKnownFileType = sourcecode.cpp.cpp; path = pch.cpp; sourceTree = "<group>"; };
		563C71081DAB3C9000CCD81F /* pch.hpp */ = {isa = PBXFileReference; fileEncoding = 4; lastKnownFileType = sourcecode.cpp.h; path = pch.hpp; sourceTree = "<group>"; };
		563C710E1DAB3C9000CCD81F /* SceneManager.cpp */ = {isa = PBXFileReference; fileEncoding = 4; lastKnownFileType = sourcecode.cpp.cpp; path = SceneManager.cpp; sourceTree = "<group>"; };
		563C710F1DAB3C9000CCD81F /* SceneManager.hpp */ = {isa = PBXFileReference; fileEncoding = 4; lastKnownFileType = sourcecode.cpp.h; path = SceneManager.hpp; sourceTree = "<group>"; };
		563C712B1DAB3D3B00CCD81F /* sfeMovie.framework */ = {isa = PBXFileReference; lastKnownFileType = wrapper.framework; name = sfeMovie.framework; path = ../../../../../Library/Frameworks/sfeMovie.framework; sourceTree = "<group>"; };
		563C71371DABD71C00CCD81F /* BmsLoader.cpp */ = {isa = PBXFileReference; fileEncoding = 4; lastKnownFileType = sourcecode.cpp.cpp; path = BmsLoader.cpp; sourceTree = "<group>"; };
		563C71381DABD71C00CCD81F /* BmsLoader.hpp */ = {isa = PBXFileReference; fileEncoding = 4; lastKnownFileType = sourcecode.cpp.h; path = BmsLoader.hpp; sourceTree = "<group>"; };
		563C713D1DABD74800CCD81F /* ScoreData.cpp */ = {isa = PBXFileReference; fileEncoding = 4; lastKnownFileType = sourcecode.cpp.cpp; path = ScoreData.cpp; sourceTree = "<group>"; };
		563C713E1DABD74800CCD81F /* ScoreData.hpp */ = {isa = PBXFileReference; fileEncoding = 4; lastKnownFileType = sourcecode.cpp.h; path = ScoreData.hpp; sourceTree = "<group>"; };
		563C71401DABD7E400CCD81F /* PlayScore.cpp */ = {isa = PBXFileReference; fileEncoding = 4; lastKnownFileType = sourcecode.cpp.cpp; path = PlayScore.cpp; sourceTree = "<group>"; };
		563C71411DABD7E400CCD81F /* PlayScore.hpp */ = {isa = PBXFileReference; fileEncoding = 4; lastKnownFileType = sourcecode.cpp.h; path = PlayScore.hpp; sourceTree = "<group>"; };
		563DD4661E194698002B98A6 /* libboost_filesystem-mt.a */ = {isa = PBXFileReference; lastKnownFileType = archive.ar; name = "libboost_filesystem-mt.a"; path = "../../../../../usr/local/lib/libboost_filesystem-mt.a"; sourceTree = "<group>"; };
		563DD4671E194698002B98A6 /* libboost_filesystem.a */ = {isa = PBXFileReference; lastKnownFileType = archive.ar; name = libboost_filesystem.a; path = ../../../../../usr/local/lib/libboost_filesystem.a; sourceTree = "<group>"; };
		563DD4681E194698002B98A6 /* libboost_serialization-mt.a */ = {isa = PBXFileReference; lastKnownFileType = archive.ar; name = "libboost_serialization-mt.a"; path = "../../../../../usr/local/lib/libboost_serialization-mt.a"; sourceTree = "<group>"; };
		563DD4691E194698002B98A6 /* libboost_serialization.a */ = {isa = PBXFileReference; lastKnownFileType = archive.ar; name = libboost_serialization.a; path = ../../../../../usr/local/lib/libboost_serialization.a; sourceTree = "<group>"; };
		563DD46A1E194698002B98A6 /* libboost_system-mt.a */ = {isa = PBXFileReference; lastKnownFileType = archive.ar; name = "libboost_system-mt.a"; path = "../../../../../usr/local/lib/libboost_system-mt.a"; sourceTree = "<group>"; };
		563DD46B1E194698002B98A6 /* libboost_system.a */ = {isa = PBXFileReference; lastKnownFileType = archive.ar; name = libboost_system.a; path = ../../../../../usr/local/lib/libboost_system.a; sourceTree = "<group>"; };
		5645D3271E1657E700AFBB16 /* ScoreInfo.cpp */ = {isa = PBXFileReference; fileEncoding = 4; lastKnownFileType = sourcecode.cpp.cpp; path = ScoreInfo.cpp; sourceTree = "<group>"; };
		5645D3281E1657E700AFBB16 /* ScoreInfo.hpp */ = {isa = PBXFileReference; fileEncoding = 4; lastKnownFileType = sourcecode.cpp.h; path = ScoreInfo.hpp; sourceTree = "<group>"; };
		565414BD1DB28186001E608A /* libcryptopp.a */ = {isa = PBXFileReference; lastKnownFileType = archive.ar; name = libcryptopp.a; path = ../../../../../usr/local/Cellar/cryptopp/5.6.4/lib/libcryptopp.a; sourceTree = "<group>"; };
		56B090601E180FD200EDB891 /* libiconv.2.dylib */ = {isa = PBXFileReference; lastKnownFileType = "compiled.mach-o.dylib"; name = libiconv.2.dylib; path = ../../../../../usr/lib/libiconv.2.dylib; sourceTree = "<group>"; };
		56D4A2661E05416800198EF6 /* Scene.cpp */ = {isa = PBXFileReference; fileEncoding = 4; lastKnownFileType = sourcecode.cpp.cpp; path = Scene.cpp; sourceTree = "<group>"; };
		56D4A2671E05416800198EF6 /* Scene.hpp */ = {isa = PBXFileReference; fileEncoding = 4; lastKnownFileType = sourcecode.cpp.h; path = Scene.hpp; sourceTree = "<group>"; };
		56E4C14B1E05756E008A4D0C /* QtCore.framework */ = {isa = PBXFileReference; lastKnownFileType = wrapper.framework; name = QtCore.framework; path = ../../../../../Applications/Qt/5.7/clang_64/lib/QtCore.framework; sourceTree = "<group>"; };
		56E4C14C1E05756E008A4D0C /* QtGui.framework */ = {isa = PBXFileReference; lastKnownFileType = wrapper.framework; name = QtGui.framework; path = ../../../../../Applications/Qt/5.7/clang_64/lib/QtGui.framework; sourceTree = "<group>"; };
		56E4C14D1E05756E008A4D0C /* QtWidgets.framework */ = {isa = PBXFileReference; lastKnownFileType = wrapper.framework; name = QtWidgets.framework; path = ../../../../../Applications/Qt/5.7/clang_64/lib/QtWidgets.framework; sourceTree = "<group>"; };
		56E4C1601E059730008A4D0C /* Result.cpp */ = {isa = PBXFileReference; fileEncoding = 4; lastKnownFileType = sourcecode.cpp.cpp; path = Result.cpp; sourceTree = "<group>"; };
		56E4C1611E059730008A4D0C /* Result.hpp */ = {isa = PBXFileReference; fileEncoding = 4; lastKnownFileType = sourcecode.cpp.h; path = Result.hpp; sourceTree = "<group>"; };
		56EAC9FD1DCC191A00511911 /* ScorePlayer.cpp */ = {isa = PBXFileReference; fileEncoding = 4; lastKnownFileType = sourcecode.cpp.cpp; path = ScorePlayer.cpp; sourceTree = "<group>"; };
		56EAC9FE1DCC191A00511911 /* ScorePlayer.hpp */ = {isa = PBXFileReference; fileEncoding = 4; lastKnownFileType = sourcecode.cpp.h; path = ScorePlayer.hpp; sourceTree = "<group>"; };
		56EACA041DCC509300511911 /* TimeManager.cpp */ = {isa = PBXFileReference; fileEncoding = 4; lastKnownFileType = sourcecode.cpp.cpp; path = TimeManager.cpp; sourceTree = "<group>"; };
		56EACA051DCC509300511911 /* TimeManager.hpp */ = {isa = PBXFileReference; fileEncoding = 4; lastKnownFileType = sourcecode.cpp.h; path = TimeManager.hpp; sourceTree = "<group>"; };
		56F1CB491DEB2D78007BD827 /* WavManager.cpp */ = {isa = PBXFileReference; fileEncoding = 4; lastKnownFileType = sourcecode.cpp.cpp; path = WavManager.cpp; sourceTree = "<group>"; };
		56F1CB4A1DEB2D78007BD827 /* WavManager.hpp */ = {isa = PBXFileReference; fileEncoding = 4; lastKnownFileType = sourcecode.cpp.h; path = WavManager.hpp; sourceTree = "<group>"; };
/* End PBXFileReference section */

/* Begin PBXFrameworksBuildPhase section */
		563C70E11DAB3C5700CCD81F /* Frameworks */ = {
			isa = PBXFrameworksBuildPhase;
			buildActionMask = 2147483647;
			files = (
				56B090631E180FD300EDB891 /* libiconv.2.dylib in Frameworks */,
				56E4C14E1E05756E008A4D0C /* QtCore.framework in Frameworks */,
				56E4C14F1E05756E008A4D0C /* QtGui.framework in Frameworks */,
				563DD46E1E194698002B98A6 /* libboost_serialization-mt.a in Frameworks */,
				563DD4701E194698002B98A6 /* libboost_system-mt.a in Frameworks */,
				56E4C1501E05756E008A4D0C /* QtWidgets.framework in Frameworks */,
				563DD4711E194698002B98A6 /* libboost_system.a in Frameworks */,
				565414BE1DB28186001E608A /* libcryptopp.a in Frameworks */,
				563DD46C1E194698002B98A6 /* libboost_filesystem-mt.a in Frameworks */,
				563DD46D1E194698002B98A6 /* libboost_filesystem.a in Frameworks */,
				563DD46F1E194698002B98A6 /* libboost_serialization.a in Frameworks */,
				563C712C1DAB3D3B00CCD81F /* sfeMovie.framework in Frameworks */,
			);
			runOnlyForDeploymentPostprocessing = 0;
		};
/* End PBXFrameworksBuildPhase section */

/* Begin PBXGroup section */
		56305A641E0BD97E00750B13 /* Filesystem */ = {
			isa = PBXGroup;
			children = (
				5614FD201DB0C2F30072FBC9 /* MD5.cpp */,
				5614FD211DB0C2F30072FBC9 /* MD5.hpp */,
				56305A681E0BDCAF00750B13 /* ScoreInfoBase.cpp */,
				56305A691E0BDCAF00750B13 /* ScoreInfoBase.hpp */,
				56305A6B1E0BDE3B00750B13 /* ScoreDirectoryInfo.cpp */,
				56305A6C1E0BDE3B00750B13 /* ScoreDirectoryInfo.hpp */,
				562F3BA41E0E12100022E9DA /* ScoreDirectoryLoader.cpp */,
				562F3BA51E0E12100022E9DA /* ScoreDirectoryLoader.hpp */,
			);
			path = Filesystem;
			sourceTree = "<group>";
		};
		563C70DB1DAB3C5700CCD81F = {
			isa = PBXGroup;
			children = (
				563C70E71DAB3C5700CCD81F /* CrossChronox */,
				563C70EF1DAB3C5700CCD81F /* Resources */,
				563C70E81DAB3C5700CCD81F /* Supporting Files */,
				563C70E61DAB3C5700CCD81F /* Products */,
				563C71221DAB3D2B00CCD81F /* Frameworks */,
			);
			sourceTree = "<group>";
		};
		563C70E61DAB3C5700CCD81F /* Products */ = {
			isa = PBXGroup;
			children = (
				563C70E51DAB3C5700CCD81F /* CrossChronox.app */,
			);
			name = Products;
			sourceTree = "<group>";
		};
		563C70E71DAB3C5700CCD81F /* CrossChronox */ = {
			isa = PBXGroup;
			children = (
				563C70FD1DAB3C9000CCD81F /* Application.cpp */,
				563C70FE1DAB3C9000CCD81F /* Application.hpp */,
				56305A641E0BD97E00750B13 /* Filesystem */,
				563C71001DAB3C9000CCD81F /* Input */,
				563C71031DAB3C9000CCD81F /* main.cpp */,
				563C71041DAB3C9000CCD81F /* Platform */,
				563C71071DAB3C9000CCD81F /* pch.cpp */,
				563C71081DAB3C9000CCD81F /* pch.hpp */,
				563C71091DAB3C9000CCD81F /* Scene */,
				563C71361DABD71C00CCD81F /* Score */,
				56EACA001DCC4FED00511911 /* System */,
			);
			path = CrossChronox;
			sourceTree = "<group>";
		};
		563C70E81DAB3C5700CCD81F /* Supporting Files */ = {
			isa = PBXGroup;
			children = (
				563C70E91DAB3C5700CCD81F /* CrossChronox-Info.plist */,
			);
			name = "Supporting Files";
			path = CrossChronox;
			sourceTree = "<group>";
		};
		563C70EF1DAB3C5700CCD81F /* Resources */ = {
			isa = PBXGroup;
			children = (
			);
			name = Resources;
			path = CrossChronox;
			sourceTree = "<group>";
		};
		563C71001DAB3C9000CCD81F /* Input */ = {
			isa = PBXGroup;
			children = (
				563C71011DAB3C9000CCD81F /* InputManager.cpp */,
				563C71021DAB3C9000CCD81F /* InputManager.hpp */,
			);
			path = Input;
			sourceTree = "<group>";
		};
		563C71041DAB3C9000CCD81F /* Platform */ = {
			isa = PBXGroup;
			children = (
				563C71051DAB3C9000CCD81F /* Path.hpp */,
				563C71061DAB3C9000CCD81F /* Path_macOS.mm */,
			);
			name = Platform;
			path = Path;
			sourceTree = "<group>";
		};
		563C71091DAB3C9000CCD81F /* Scene */ = {
			isa = PBXGroup;
			children = (
				563C71401DABD7E400CCD81F /* PlayScore.cpp */,
				563C71411DABD7E400CCD81F /* PlayScore.hpp */,
				56D4A2661E05416800198EF6 /* Scene.cpp */,
				56D4A2671E05416800198EF6 /* Scene.hpp */,
				563C710E1DAB3C9000CCD81F /* SceneManager.cpp */,
				563C710F1DAB3C9000CCD81F /* SceneManager.hpp */,
				56305A611E0BD87100750B13 /* SelectMusic.cpp */,
				56305A621E0BD87100750B13 /* SelectMusic.hpp */,
			);
			path = Scene;
			sourceTree = "<group>";
		};
		563C71221DAB3D2B00CCD81F /* Frameworks */ = {
			isa = PBXGroup;
			children = (
				563DD4661E194698002B98A6 /* libboost_filesystem-mt.a */,
				563DD4671E194698002B98A6 /* libboost_filesystem.a */,
				563DD4681E194698002B98A6 /* libboost_serialization-mt.a */,
				563DD4691E194698002B98A6 /* libboost_serialization.a */,
				563DD46A1E194698002B98A6 /* libboost_system-mt.a */,
				563DD46B1E194698002B98A6 /* libboost_system.a */,
				56B090601E180FD200EDB891 /* libiconv.2.dylib */,
				56E4C14B1E05756E008A4D0C /* QtCore.framework */,
				56E4C14C1E05756E008A4D0C /* QtGui.framework */,
				56E4C14D1E05756E008A4D0C /* QtWidgets.framework */,
				565414BD1DB28186001E608A /* libcryptopp.a */,
				563C712B1DAB3D3B00CCD81F /* sfeMovie.framework */,
			);
			name = Frameworks;
			sourceTree = "<group>";
		};
		563C71361DABD71C00CCD81F /* Score */ = {
			isa = PBXGroup;
			children = (
				563C71371DABD71C00CCD81F /* BmsLoader.cpp */,
				563C71381DABD71C00CCD81F /* BmsLoader.hpp */,
				563C713D1DABD74800CCD81F /* ScoreData.cpp */,
				563C713E1DABD74800CCD81F /* ScoreData.hpp */,
				5645D3271E1657E700AFBB16 /* ScoreInfo.cpp */,
				5645D3281E1657E700AFBB16 /* ScoreInfo.hpp */,
				56EAC9FD1DCC191A00511911 /* ScorePlayer.cpp */,
				56EAC9FE1DCC191A00511911 /* ScorePlayer.hpp */,
				56F1CB491DEB2D78007BD827 /* WavManager.cpp */,
				56F1CB4A1DEB2D78007BD827 /* WavManager.hpp */,
				562C45DD1DFBAE0300E46B65 /* WavPlayer.cpp */,
				562C45DE1DFBAE0300E46B65 /* WavPlayer.hpp */,
				562C45DA1DFBAA0500E46B65 /* WavBuffer.cpp */,
				562C45DB1DFBAA0500E46B65 /* WavBuffer.hpp */,
				56E4C1601E059730008A4D0C /* Result.cpp */,
				56E4C1611E059730008A4D0C /* Result.hpp */,
			);
			name = Score;
			path = CrossChronox/Score;
			sourceTree = SOURCE_ROOT;
		};
		56EACA001DCC4FED00511911 /* System */ = {
			isa = PBXGroup;
			children = (
				5637B4831DE4806F00589544 /* Exception.hpp */,
				56EACA041DCC509300511911 /* TimeManager.cpp */,
				56EACA051DCC509300511911 /* TimeManager.hpp */,
				562F3BA71E0E32370022E9DA /* DefaultFont.cpp */,
				562F3BA81E0E32370022E9DA /* DefaultFont.hpp */,
			);
			path = System;
			sourceTree = "<group>";
		};
/* End PBXGroup section */

/* Begin PBXNativeTarget section */
		563C70E41DAB3C5700CCD81F /* CrossChronox */ = {
			isa = PBXNativeTarget;
			buildConfigurationList = 563C70FA1DAB3C5700CCD81F /* Build configuration list for PBXNativeTarget "CrossChronox" */;
			buildPhases = (
				563C70E01DAB3C5700CCD81F /* Sources */,
				563C70E11DAB3C5700CCD81F /* Frameworks */,
				563C70E31DAB3C5700CCD81F /* ShellScript */,
				563C712E1DAB3D5600CCD81F /* CopyFiles */,
			);
			buildRules = (
			);
			dependencies = (
			);
			name = CrossChronox;
			productName = CrossChronox;
			productReference = 563C70E51DAB3C5700CCD81F /* CrossChronox.app */;
			productType = "com.apple.product-type.application";
		};
/* End PBXNativeTarget section */

/* Begin PBXProject section */
		563C70DC1DAB3C5700CCD81F /* Project object */ = {
			isa = PBXProject;
			attributes = {
				LastUpgradeCheck = 0810;
				ORGANIZATIONNAME = hyrorre;
				TargetAttributes = {
					563C70E41DAB3C5700CCD81F = {
						CreatedOnToolsVersion = 8.0;
						DevelopmentTeam = XXNJ6K5U32;
						ProvisioningStyle = Automatic;
					};
				};
			};
			buildConfigurationList = 563C70DF1DAB3C5700CCD81F /* Build configuration list for PBXProject "CrossChronox" */;
			compatibilityVersion = "Xcode 3.2";
			developmentRegion = English;
			hasScannedForEncodings = 0;
			knownRegions = (
				en,
			);
			mainGroup = 563C70DB1DAB3C5700CCD81F;
			productRefGroup = 563C70E61DAB3C5700CCD81F /* Products */;
			projectDirPath = "";
			projectRoot = "";
			targets = (
				563C70E41DAB3C5700CCD81F /* CrossChronox */,
			);
		};
/* End PBXProject section */

/* Begin PBXShellScriptBuildPhase section */
		563C70E31DAB3C5700CCD81F /* ShellScript */ = {
			isa = PBXShellScriptBuildPhase;
			buildActionMask = 2147483647;
			files = (
			);
			inputPaths = (
			);
			outputPaths = (
			);
			runOnlyForDeploymentPostprocessing = 0;
			shellPath = /bin/sh;
			shellScript = "# This shell script simply copies required SFML dylibs/frameworks into the application bundle frameworks folder.\n# If you're using static libraries (which is not recommended) you should remove this script from your project.\n\n# SETTINGS\nCMAKE_INSTALL_FRAMEWORK_PREFIX=\"/Library/Frameworks\"\nCMAKE_INSTALL_LIB_PREFIX=\"/usr/local/lib\"\nFRAMEWORKS_FULL_PATH=\"$BUILT_PRODUCTS_DIR/$FRAMEWORKS_FOLDER_PATH/\"\n\n# Are we building a project that uses frameworks or dylibs?\ncase \"$SFML_BINARY_TYPE\" in\n    DYLIBS)\n        frameworks=\"false\"\n        ;;\n    *)\n        frameworks=\"true\"\n        ;;\nesac\n\n# Echoes to stderr\nerror () # $* message to display\n{\n    echo $* 1>&2\n    exit 2\n}\n\nassert () # $1 is a boolean, $2...N is an error message\n{\n    if [ $# -lt 2 ]\n    then\n        error \"Internal error in assert: not enough args\"\n    fi\n\n    if [ $1 -ne 0 ]\n    then\n        shift\n        error \"$*\"\n    fi\n}\n\nforce_remove () # $@ is some paths\n{\n    test $# -ge 1\n    assert $? \"force_remove() requires at least one parameter\"\n    rm -fr $@\n    assert $? \"couldn't remove $@\"\n}\n\ncopy () # $1 is a source, $2 is a destination\n{\n    test $# -eq 2\n    assert $? \"copy() requires two parameters\"\n    ditto \"$1\" \"$2\"\n    assert $? \"couldn't copy $1 to $2\"\n}\n\nrequire () # $1 is a SFML module like 'system' or 'audio'\n{\n    dest=\"$BUILT_PRODUCTS_DIR/$FRAMEWORKS_FOLDER_PATH/\"\n\n    if [ -z \"$1\" ]\n    then\n        error \"require() requires one parameter!\"\n    else\n        # clean potentially old stuff\n        force_remove \"$dest/libsfml-$1\"*\n        force_remove \"$dest/sfml-$1.framework\"\n\n        # copy SFML libraries\n        if [ \"$frameworks\" = \"true\" ]\n        then\n            source=\"$CMAKE_INSTALL_FRAMEWORK_PREFIX/sfml-$1.framework\"\n            target=\"sfml-$1.framework\"\n        elif [ \"$SFML_LINK_DYLIBS_SUFFIX\" = \"-d\" ]\n        then\n            source=\"$CMAKE_INSTALL_LIB_PREFIX/libsfml-$1-d.dylib\"\n            target=\"`readlink $source`\"\n        else\n            source=\"$CMAKE_INSTALL_LIB_PREFIX/libsfml-$1.dylib\"\n            target=\"`readlink $source`\"\n        fi\n\n        copy \"$source\" \"$dest/$target\"\n\n        # copy extra dependencies\n        if [ \"$1\" = \"audio\" ]\n        then\n            # copy \"FLAC\" \"ogg\" \"vorbis\" \"vorbisenc\" \"vorbisfile\" \"OpenAL\" frameworks too\n            for f in \"FLAC\" \"ogg\" \"vorbis\" \"vorbisenc\" \"vorbisfile\" \"OpenAL\"\n            do\n                copy \"$CMAKE_INSTALL_FRAMEWORK_PREFIX/$f.framework\" \"$dest/$f.framework\"\n            done\n        elif [ \"$1\" = \"graphics\" ]\n        then\n            copy \"$CMAKE_INSTALL_FRAMEWORK_PREFIX/freetype.framework\" \"$dest/freetype.framework\"\n        fi\n    fi\n}\n\nif [ -n \"$SFML_SYSTEM\" ]\nthen\n    require \"system\"\nfi\n\nif [ -n \"$SFML_AUDIO\" ]\nthen\n    require \"audio\"\nfi\n\nif [ -n \"$SFML_NETWORK\" ]\nthen\n    require \"network\"\nfi\n\nif [ -n \"$SFML_WINDOW\" ]\nthen\n    require \"window\"\nfi\n\nif [ -n \"$SFML_GRAPHICS\" ]\nthen\n    require \"graphics\"\nfi\n\n                ";
		};
/* End PBXShellScriptBuildPhase section */

/* Begin PBXSourcesBuildPhase section */
		563C70E01DAB3C5700CCD81F /* Sources */ = {
			isa = PBXSourcesBuildPhase;
			buildActionMask = 2147483647;
			files = (
				562F3BA61E0E12100022E9DA /* ScoreDirectoryLoader.cpp in Sources */,
				56EACA061DCC509300511911 /* TimeManager.cpp in Sources */,
				563C71421DABD7E400CCD81F /* PlayScore.cpp in Sources */,
				563C711A1DAB3C9000CCD81F /* pch.cpp in Sources */,
				563C711D1DAB3C9000CCD81F /* SceneManager.cpp in Sources */,
				5645D3291E1657E700AFBB16 /* ScoreInfo.cpp in Sources */,
				562C45DF1DFBAE0300E46B65 /* WavPlayer.cpp in Sources */,
				56D4A2681E05416800198EF6 /* Scene.cpp in Sources */,
				56E4C1621E059730008A4D0C /* Result.cpp in Sources */,
				56F1CB4B1DEB2D78007BD827 /* WavManager.cpp in Sources */,
				563C713F1DABD74800CCD81F /* ScoreData.cpp in Sources */,
				563C713B1DABD71C00CCD81F /* BmsLoader.cpp in Sources */,
				56EAC9FF1DCC191A00511911 /* ScorePlayer.cpp in Sources */,
				562C45DC1DFBAA0500E46B65 /* WavBuffer.cpp in Sources */,
				56305A6D1E0BDE3B00750B13 /* ScoreDirectoryInfo.cpp in Sources */,
				562F3BA91E0E32370022E9DA /* DefaultFont.cpp in Sources */,
				56305A6A1E0BDCAF00750B13 /* ScoreInfoBase.cpp in Sources */,
				563C71191DAB3C9000CCD81F /* Path_macOS.mm in Sources */,
				563C71171DAB3C9000CCD81F /* InputManager.cpp in Sources */,
				563C71151DAB3C9000CCD81F /* Application.cpp in Sources */,
				563C71181DAB3C9000CCD81F /* main.cpp in Sources */,
				5614FD221DB0C2F30072FBC9 /* MD5.cpp in Sources */,
				56305A631E0BD87100750B13 /* SelectMusic.cpp in Sources */,
			);
			runOnlyForDeploymentPostprocessing = 0;
		};
/* End PBXSourcesBuildPhase section */

/* Begin XCBuildConfiguration section */
		563C70F81DAB3C5700CCD81F /* Debug */ = {
			isa = XCBuildConfiguration;
			buildSettings = {
				CLANG_CXX_LANGUAGE_STANDARD = "c++0x";
				CLANG_CXX_LIBRARY = "libc++";
				CLANG_WARN_BOOL_CONVERSION = YES;
				CLANG_WARN_CONSTANT_CONVERSION = YES;
				CLANG_WARN_EMPTY_BODY = YES;
				CLANG_WARN_ENUM_CONVERSION = YES;
				CLANG_WARN_INFINITE_RECURSION = YES;
				CLANG_WARN_INT_CONVERSION = YES;
				CLANG_WARN_SUSPICIOUS_MOVE = YES;
				CLANG_WARN_UNREACHABLE_CODE = YES;
				CLANG_WARN__DUPLICATE_METHOD_MATCH = YES;
				ENABLE_STRICT_OBJC_MSGSEND = YES;
				ENABLE_TESTABILITY = YES;
				FRAMEWORK_SEARCH_PATHS = (
					/Library/Frameworks/,
					"$(inherited)",
				);
				GCC_NO_COMMON_BLOCKS = YES;
				GCC_VERSION = com.apple.compilers.llvm.clang.1_0;
				GCC_WARN_64_TO_32_BIT_CONVERSION = YES;
				GCC_WARN_ABOUT_RETURN_TYPE = YES;
				GCC_WARN_UNDECLARED_SELECTOR = YES;
				GCC_WARN_UNINITIALIZED_AUTOS = YES;
				GCC_WARN_UNUSED_FUNCTION = YES;
				GCC_WARN_UNUSED_VARIABLE = YES;
				HEADER_SEARCH_PATHS = (
					/usr/local/include/,
					"$(inherited)",
				);
				LIBRARY_SEARCH_PATHS = (
					/usr/local/lib/,
					"$(inherited)",
				);
				MACOSX_DEPLOYMENT_TARGET = 10.7;
				ONLY_ACTIVE_ARCH = YES;
				OTHER_LDFLAGS = (
					"$(inherited)",
					"$(SFML_SYSTEM)",
					"$(SFML_WINDOW)",
					"$(SFML_GRAPHICS)",
					"$(SFML_AUDIO)",
					"$(SFML_NETWORK)",
				);
				SFML_AUDIO = "$(SFML_LINK_PREFIX) sfml-audio$(SFML_LINK_SUFFIX)";
				SFML_BINARY_TYPE = FRAMEWORKS;
				SFML_GRAPHICS = "$(SFML_LINK_PREFIX) sfml-graphics$(SFML_LINK_SUFFIX)";
				SFML_LINK_DYLIBS_PREFIX = "-l";
				SFML_LINK_DYLIBS_SUFFIX = "";
				SFML_LINK_FRAMEWORKS_PREFIX = "-framework";
				SFML_LINK_FRAMEWORKS_SUFFIX = "";
				SFML_LINK_PREFIX = "$(SFML_LINK_$(SFML_BINARY_TYPE)_PREFIX)";
				SFML_LINK_SUFFIX = "$(SFML_LINK_$(SFML_BINARY_TYPE)_SUFFIX)";
				SFML_NETWORK = "$(SFML_LINK_PREFIX) sfml-network$(SFML_LINK_SUFFIX)";
				SFML_SYSTEM = "$(SFML_LINK_PREFIX) sfml-system$(SFML_LINK_SUFFIX)";
				SFML_WINDOW = "$(SFML_LINK_PREFIX) sfml-window$(SFML_LINK_SUFFIX)";
				SUPPORTED_PLATFORMS = macosx;
			};
			name = Debug;
		};
		563C70F91DAB3C5700CCD81F /* Release */ = {
			isa = XCBuildConfiguration;
			buildSettings = {
				CLANG_CXX_LANGUAGE_STANDARD = "c++0x";
				CLANG_CXX_LIBRARY = "libc++";
				CLANG_WARN_BOOL_CONVERSION = YES;
				CLANG_WARN_CONSTANT_CONVERSION = YES;
				CLANG_WARN_EMPTY_BODY = YES;
				CLANG_WARN_ENUM_CONVERSION = YES;
				CLANG_WARN_INFINITE_RECURSION = YES;
				CLANG_WARN_INT_CONVERSION = YES;
				CLANG_WARN_SUSPICIOUS_MOVE = YES;
				CLANG_WARN_UNREACHABLE_CODE = YES;
				CLANG_WARN__DUPLICATE_METHOD_MATCH = YES;
				ENABLE_STRICT_OBJC_MSGSEND = YES;
				FRAMEWORK_SEARCH_PATHS = (
					/Library/Frameworks/,
					"$(inherited)",
				);
				GCC_NO_COMMON_BLOCKS = YES;
				GCC_VERSION = com.apple.compilers.llvm.clang.1_0;
				GCC_WARN_64_TO_32_BIT_CONVERSION = YES;
				GCC_WARN_ABOUT_RETURN_TYPE = YES;
				GCC_WARN_UNDECLARED_SELECTOR = YES;
				GCC_WARN_UNINITIALIZED_AUTOS = YES;
				GCC_WARN_UNUSED_FUNCTION = YES;
				GCC_WARN_UNUSED_VARIABLE = YES;
				HEADER_SEARCH_PATHS = (
					/usr/local/include/,
					"$(inherited)",
				);
				LIBRARY_SEARCH_PATHS = (
					/usr/local/lib/,
					"$(inherited)",
				);
				MACOSX_DEPLOYMENT_TARGET = 10.7;
				OTHER_LDFLAGS = (
					"$(inherited)",
					"$(SFML_SYSTEM)",
					"$(SFML_WINDOW)",
					"$(SFML_GRAPHICS)",
					"$(SFML_AUDIO)",
					"$(SFML_NETWORK)",
				);
				SFML_AUDIO = "$(SFML_LINK_PREFIX) sfml-audio$(SFML_LINK_SUFFIX)";
				SFML_BINARY_TYPE = FRAMEWORKS;
				SFML_GRAPHICS = "$(SFML_LINK_PREFIX) sfml-graphics$(SFML_LINK_SUFFIX)";
				SFML_LINK_DYLIBS_PREFIX = "-l";
				SFML_LINK_DYLIBS_SUFFIX = "";
				SFML_LINK_FRAMEWORKS_PREFIX = "-framework";
				SFML_LINK_FRAMEWORKS_SUFFIX = "";
				SFML_LINK_PREFIX = "$(SFML_LINK_$(SFML_BINARY_TYPE)_PREFIX)";
				SFML_LINK_SUFFIX = "$(SFML_LINK_$(SFML_BINARY_TYPE)_SUFFIX)";
				SFML_NETWORK = "$(SFML_LINK_PREFIX) sfml-network$(SFML_LINK_SUFFIX)";
				SFML_SYSTEM = "$(SFML_LINK_PREFIX) sfml-system$(SFML_LINK_SUFFIX)";
				SFML_WINDOW = "$(SFML_LINK_PREFIX) sfml-window$(SFML_LINK_SUFFIX)";
				SUPPORTED_PLATFORMS = macosx;
			};
			name = Release;
		};
		563C70FB1DAB3C5700CCD81F /* Debug */ = {
			isa = XCBuildConfiguration;
			buildSettings = {
				CLANG_CXX_LANGUAGE_STANDARD = "c++0x";
				DEVELOPMENT_TEAM = XXNJ6K5U32;
				FRAMEWORK_SEARCH_PATHS = (
					"$(inherited)",
					"$(LOCAL_LIBRARY_DIR)/Frameworks",
				);
				GCC_OPTIMIZATION_LEVEL = 0;
				GCC_PRECOMPILE_PREFIX_HEADER = YES;
				GCC_PREFIX_HEADER = CrossChronox/pch.hpp;
				HEADER_SEARCH_PATHS = (
					"$(inherited)",
					/Library/Frameworks/QtCore.framework/Headers,
					/Library/Frameworks/QtWidgets.framework/Headers,
				);
				INFOPLIST_FILE = "Supporting Files/CrossChronox-Info.plist";
				LD_RUNPATH_SEARCH_PATHS = "@loader_path/../Frameworks";
				LIBRARY_SEARCH_PATHS = (
					"$(inherited)",
					/usr/local/Cellar/cryptopp/5.6.4/lib,
					/usr/local/Cellar/jpeg/8d/lib,
				);
				ONLY_ACTIVE_ARCH = YES;
				PRODUCT_BUNDLE_IDENTIFIER = "hyrorre.${PRODUCT_NAME:rfc1034identifier}";
				PRODUCT_NAME = "$(TARGET_NAME)";
			};
			name = Debug;
		};
		563C70FC1DAB3C5700CCD81F /* Release */ = {
			isa = XCBuildConfiguration;
			buildSettings = {
				CLANG_CXX_LANGUAGE_STANDARD = "c++0x";
				DEVELOPMENT_TEAM = XXNJ6K5U32;
				FRAMEWORK_SEARCH_PATHS = (
					"$(inherited)",
					"$(LOCAL_LIBRARY_DIR)/Frameworks",
				);
				GCC_OPTIMIZATION_LEVEL = 0;
				GCC_PRECOMPILE_PREFIX_HEADER = YES;
				GCC_PREFIX_HEADER = CrossChronox/pch.hpp;
				HEADER_SEARCH_PATHS = (
					"$(inherited)",
					/Library/Frameworks/QtCore.framework/Headers,
					/Library/Frameworks/QtWidgets.framework/Headers,
				);
				INFOPLIST_FILE = "Supporting Files/CrossChronox-Info.plist";
				LD_RUNPATH_SEARCH_PATHS = "@loader_path/../Frameworks";
				LIBRARY_SEARCH_PATHS = (
					"$(inherited)",
					/usr/local/Cellar/cryptopp/5.6.4/lib,
					/usr/local/Cellar/jpeg/8d/lib,
				);
				PRODUCT_BUNDLE_IDENTIFIER = "hyrorre.${PRODUCT_NAME:rfc1034identifier}";
				PRODUCT_NAME = "$(TARGET_NAME)";
			};
			name = Release;
		};
/* End XCBuildConfiguration section */

/* Begin XCConfigurationList section */
		563C70DF1DAB3C5700CCD81F /* Build configuration list for PBXProject "CrossChronox" */ = {
			isa = XCConfigurationList;
			buildConfigurations = (
				563C70F81DAB3C5700CCD81F /* Debug */,
				563C70F91DAB3C5700CCD81F /* Release */,
			);
			defaultConfigurationIsVisible = 0;
			defaultConfigurationName = Release;
		};
		563C70FA1DAB3C5700CCD81F /* Build configuration list for PBXNativeTarget "CrossChronox" */ = {
			isa = XCConfigurationList;
			buildConfigurations = (
				563C70FB1DAB3C5700CCD81F /* Debug */,
				563C70FC1DAB3C5700CCD81F /* Release */,
			);
			defaultConfigurationIsVisible = 0;
			defaultConfigurationName = Release;
		};
/* End XCConfigurationList section */
	};
	rootObject = 563C70DC1DAB3C5700CCD81F /* Project object */;
}
