// !$*UTF8*$!
{
	archiveVersion = 1;
	classes = {
	};
	objectVersion = 46;
	objects = {

/* Begin PBXBuildFile section */
		562242A11E2FD221000C4921 /* MessageBox_macOS.mm in Sources */ = {isa = PBXBuildFile; fileRef = 562242A01E2FD221000C4921 /* MessageBox_macOS.mm */; };
		562242A91E30FB7B000C4921 /* JudgeManager.cpp in Sources */ = {isa = PBXBuildFile; fileRef = 562242A71E30FB7B000C4921 /* JudgeManager.cpp */; };
		56305A631E0BD87100750B13 /* SelectMusic.cpp in Sources */ = {isa = PBXBuildFile; fileRef = 56305A611E0BD87100750B13 /* SelectMusic.cpp */; };
		563C71151DAB3C9000CCD81F /* Application.cpp in Sources */ = {isa = PBXBuildFile; fileRef = 563C70FD1DAB3C9000CCD81F /* Application.cpp */; };
		563C71181DAB3C9000CCD81F /* main.cpp in Sources */ = {isa = PBXBuildFile; fileRef = 563C71031DAB3C9000CCD81F /* main.cpp */; };
		563C711D1DAB3C9000CCD81F /* SceneManager.cpp in Sources */ = {isa = PBXBuildFile; fileRef = 563C710E1DAB3C9000CCD81F /* SceneManager.cpp */; };
		563C713B1DABD71C00CCD81F /* BmsLoader.cpp in Sources */ = {isa = PBXBuildFile; fileRef = 563C71371DABD71C00CCD81F /* BmsLoader.cpp */; };
		563C71421DABD7E400CCD81F /* PlayScore.cpp in Sources */ = {isa = PBXBuildFile; fileRef = 563C71401DABD7E400CCD81F /* PlayScore.cpp */; };
		566C26B01E530FD80041B70B /* InputManager.cpp in Sources */ = {isa = PBXBuildFile; fileRef = 566C26AE1E530FD80041B70B /* InputManager.cpp */; };
		56D4A2681E05416800198EF6 /* Scene.cpp in Sources */ = {isa = PBXBuildFile; fileRef = 56D4A2661E05416800198EF6 /* Scene.cpp */; };
		56EAC9FF1DCC191A00511911 /* ScorePlayer.cpp in Sources */ = {isa = PBXBuildFile; fileRef = 56EAC9FD1DCC191A00511911 /* ScorePlayer.cpp */; };
		56EACA061DCC509300511911 /* TimeManager.cpp in Sources */ = {isa = PBXBuildFile; fileRef = 56EACA041DCC509300511911 /* TimeManager.cpp */; };
		752486961FAC2A8700FC55FE /* AppKit.framework in Frameworks */ = {isa = PBXBuildFile; fileRef = 752486951FAC2A8700FC55FE /* AppKit.framework */; };
		758E7EBD2D67943600FBB8F3 /* libFLAC.a in Frameworks */ = {isa = PBXBuildFile; fileRef = 758E7EA72D67943400FBB8F3 /* libFLAC.a */; };
		758E7EBE2D67943600FBB8F3 /* libsfml-network-s.a in Frameworks */ = {isa = PBXBuildFile; fileRef = 758E7EA82D67943400FBB8F3 /* libsfml-network-s.a */; };
		758E7EBF2D67943600FBB8F3 /* libFLAC++.a in Frameworks */ = {isa = PBXBuildFile; fileRef = 758E7EA92D67943400FBB8F3 /* libFLAC++.a */; };
		758E7EC02D67943600FBB8F3 /* libvorbis.a in Frameworks */ = {isa = PBXBuildFile; fileRef = 758E7EAA2D67943400FBB8F3 /* libvorbis.a */; };
		758E7EC12D67943600FBB8F3 /* libvorbisenc.a in Frameworks */ = {isa = PBXBuildFile; fileRef = 758E7EAB2D67943400FBB8F3 /* libvorbisenc.a */; };
		758E7EC22D67943600FBB8F3 /* libsfml-graphics-s.a in Frameworks */ = {isa = PBXBuildFile; fileRef = 758E7EAC2D67943400FBB8F3 /* libsfml-graphics-s.a */; };
		758E7EC32D67943600FBB8F3 /* libboost_regex.a in Frameworks */ = {isa = PBXBuildFile; fileRef = 758E7EAD2D67943500FBB8F3 /* libboost_regex.a */; };
		758E7EC42D67943600FBB8F3 /* libcryptopp.a in Frameworks */ = {isa = PBXBuildFile; fileRef = 758E7EAE2D67943500FBB8F3 /* libcryptopp.a */; };
		758E7EC52D67943600FBB8F3 /* libopenal.a in Frameworks */ = {isa = PBXBuildFile; fileRef = 758E7EAF2D67943500FBB8F3 /* libopenal.a */; };
		758E7EC62D67943600FBB8F3 /* libogg.a in Frameworks */ = {isa = PBXBuildFile; fileRef = 758E7EB02D67943500FBB8F3 /* libogg.a */; };
		758E7EC72D67943600FBB8F3 /* libbrotlienc.a in Frameworks */ = {isa = PBXBuildFile; fileRef = 758E7EB12D67943500FBB8F3 /* libbrotlienc.a */; };
		758E7EC82D67943600FBB8F3 /* libsfml-window-s.a in Frameworks */ = {isa = PBXBuildFile; fileRef = 758E7EB22D67943500FBB8F3 /* libsfml-window-s.a */; };
		758E7EC92D67943600FBB8F3 /* libsfml-system-s.a in Frameworks */ = {isa = PBXBuildFile; fileRef = 758E7EB32D67943500FBB8F3 /* libsfml-system-s.a */; };
		758E7ECA2D67943600FBB8F3 /* libz.a in Frameworks */ = {isa = PBXBuildFile; fileRef = 758E7EB42D67943500FBB8F3 /* libz.a */; };
		758E7ECB2D67943600FBB8F3 /* libpng.a in Frameworks */ = {isa = PBXBuildFile; fileRef = 758E7EB52D67943500FBB8F3 /* libpng.a */; };
		758E7ECC2D67943600FBB8F3 /* libfreetype.a in Frameworks */ = {isa = PBXBuildFile; fileRef = 758E7EB62D67943500FBB8F3 /* libfreetype.a */; };
		758E7ECD2D67943600FBB8F3 /* libbz2.a in Frameworks */ = {isa = PBXBuildFile; fileRef = 758E7EB72D67943500FBB8F3 /* libbz2.a */; };
		758E7ECE2D67943600FBB8F3 /* libvorbisfile.a in Frameworks */ = {isa = PBXBuildFile; fileRef = 758E7EB82D67943500FBB8F3 /* libvorbisfile.a */; };
		758E7ECF2D67943600FBB8F3 /* libbrotlicommon.a in Frameworks */ = {isa = PBXBuildFile; fileRef = 758E7EB92D67943500FBB8F3 /* libbrotlicommon.a */; };
		758E7ED02D67943600FBB8F3 /* libsfml-audio-s.a in Frameworks */ = {isa = PBXBuildFile; fileRef = 758E7EBA2D67943500FBB8F3 /* libsfml-audio-s.a */; };
		758E7ED12D67943600FBB8F3 /* libpng16.a in Frameworks */ = {isa = PBXBuildFile; fileRef = 758E7EBB2D67943600FBB8F3 /* libpng16.a */; };
		758E7ED22D67943600FBB8F3 /* libbrotlidec.a in Frameworks */ = {isa = PBXBuildFile; fileRef = 758E7EBC2D67943600FBB8F3 /* libbrotlidec.a */; };
		758E7ED42D67983A00FBB8F3 /* CoreAudio.framework in Frameworks */ = {isa = PBXBuildFile; fileRef = 758E7ED32D67983A00FBB8F3 /* CoreAudio.framework */; };
		758E7ED62D6798AE00FBB8F3 /* IOKit.framework in Frameworks */ = {isa = PBXBuildFile; fileRef = 758E7ED52D6798AE00FBB8F3 /* IOKit.framework */; };
		758E7ED82D6798CE00FBB8F3 /* CoreGraphics.framework in Frameworks */ = {isa = PBXBuildFile; fileRef = 758E7ED72D6798CD00FBB8F3 /* CoreGraphics.framework */; };
		758E7EDA2D67990700FBB8F3 /* ApplicationServices.framework in Frameworks */ = {isa = PBXBuildFile; fileRef = 758E7ED92D67990700FBB8F3 /* ApplicationServices.framework */; };
		758E7EDC2D67993A00FBB8F3 /* CoreText.framework in Frameworks */ = {isa = PBXBuildFile; fileRef = 758E7EDB2D67993900FBB8F3 /* CoreText.framework */; };
		758E7EDE2D67996900FBB8F3 /* Carbon.framework in Frameworks */ = {isa = PBXBuildFile; fileRef = 758E7EDD2D67996900FBB8F3 /* Carbon.framework */; };
		758E7EE52D679B7000FBB8F3 /* sfml-audio.framework in Frameworks */ = {isa = PBXBuildFile; fileRef = 758E7EDF2D679B7000FBB8F3 /* sfml-audio.framework */; };
		758E7EE62D679B7000FBB8F3 /* sfml-system.framework in Frameworks */ = {isa = PBXBuildFile; fileRef = 758E7EE02D679B7000FBB8F3 /* sfml-system.framework */; };
		758E7EE72D679B7000FBB8F3 /* sfml-window.framework in Frameworks */ = {isa = PBXBuildFile; fileRef = 758E7EE12D679B7000FBB8F3 /* sfml-window.framework */; };
		758E7EE82D679B7000FBB8F3 /* SFML.framework in Frameworks */ = {isa = PBXBuildFile; fileRef = 758E7EE22D679B7000FBB8F3 /* SFML.framework */; };
		758E7EE92D679B7000FBB8F3 /* sfml-graphics.framework in Frameworks */ = {isa = PBXBuildFile; fileRef = 758E7EE32D679B7000FBB8F3 /* sfml-graphics.framework */; };
		758E7EEA2D679B7000FBB8F3 /* sfml-network.framework in Frameworks */ = {isa = PBXBuildFile; fileRef = 758E7EE42D679B7000FBB8F3 /* sfml-network.framework */; };
/* End PBXBuildFile section */

/* Begin PBXCopyFilesBuildPhase section */
		563C712E1DAB3D5600CCD81F /* CopyFiles */ = {
			isa = PBXCopyFilesBuildPhase;
			buildActionMask = 2147483647;
			dstPath = "";
			dstSubfolderSpec = 10;
			files = (
			);
			runOnlyForDeploymentPostprocessing = 0;
		};
/* End PBXCopyFilesBuildPhase section */

/* Begin PBXFileReference section */
		5614FD211DB0C2F30072FBC9 /* MD5.hpp */ = {isa = PBXFileReference; fileEncoding = 4; lastKnownFileType = sourcecode.cpp.h; path = MD5.hpp; sourceTree = "<group>"; };
		562242A01E2FD221000C4921 /* MessageBox_macOS.mm */ = {isa = PBXFileReference; fileEncoding = 4; lastKnownFileType = sourcecode.cpp.objcpp; path = MessageBox_macOS.mm; sourceTree = "<group>"; };
		562242A21E2FD33D000C4921 /* MessageBox.hpp */ = {isa = PBXFileReference; lastKnownFileType = sourcecode.cpp.h; path = MessageBox.hpp; sourceTree = "<group>"; };
		562242A71E30FB7B000C4921 /* JudgeManager.cpp */ = {isa = PBXFileReference; fileEncoding = 4; lastKnownFileType = sourcecode.cpp.cpp; path = JudgeManager.cpp; sourceTree = "<group>"; };
		562242A81E30FB7B000C4921 /* JudgeManager.hpp */ = {isa = PBXFileReference; fileEncoding = 4; lastKnownFileType = sourcecode.cpp.h; path = JudgeManager.hpp; sourceTree = "<group>"; };
		562C45DE1DFBAE0300E46B65 /* WavPlayer.hpp */ = {isa = PBXFileReference; fileEncoding = 4; lastKnownFileType = sourcecode.cpp.h; path = WavPlayer.hpp; sourceTree = "<group>"; };
		562F3BA51E0E12100022E9DA /* ScoreDirectoryLoader.hpp */ = {isa = PBXFileReference; fileEncoding = 4; lastKnownFileType = sourcecode.cpp.h; path = ScoreDirectoryLoader.hpp; sourceTree = "<group>"; };
		56305A611E0BD87100750B13 /* SelectMusic.cpp */ = {isa = PBXFileReference; fileEncoding = 4; lastKnownFileType = sourcecode.cpp.cpp; path = SelectMusic.cpp; sourceTree = "<group>"; };
		56305A621E0BD87100750B13 /* SelectMusic.hpp */ = {isa = PBXFileReference; fileEncoding = 4; lastKnownFileType = sourcecode.cpp.h; path = SelectMusic.hpp; sourceTree = "<group>"; };
		56305A691E0BDCAF00750B13 /* ScoreInfoBase.hpp */ = {isa = PBXFileReference; fileEncoding = 4; lastKnownFileType = sourcecode.cpp.h; path = ScoreInfoBase.hpp; sourceTree = "<group>"; };
		56305A6C1E0BDE3B00750B13 /* ScoreDirectoryInfo.hpp */ = {isa = PBXFileReference; fileEncoding = 4; lastKnownFileType = sourcecode.cpp.h; path = ScoreDirectoryInfo.hpp; sourceTree = "<group>"; };
		5634FEB51E260DF6006217AC /* JudgeRank.hpp */ = {isa = PBXFileReference; lastKnownFileType = sourcecode.cpp.h; path = JudgeRank.hpp; sourceTree = "<group>"; };
		5634FEB71E260DF6006217AC /* Result.hpp */ = {isa = PBXFileReference; lastKnownFileType = sourcecode.cpp.h; path = Result.hpp; sourceTree = "<group>"; };
		5634FEB91E260DF6006217AC /* ScoreData.hpp */ = {isa = PBXFileReference; lastKnownFileType = sourcecode.cpp.h; path = ScoreData.hpp; sourceTree = "<group>"; };
		5634FEBB1E260DF6006217AC /* ScoreInfo.hpp */ = {isa = PBXFileReference; lastKnownFileType = sourcecode.cpp.h; path = ScoreInfo.hpp; sourceTree = "<group>"; };
		5634FEBD1E260DF6006217AC /* WavBuffer.hpp */ = {isa = PBXFileReference; lastKnownFileType = sourcecode.cpp.h; path = WavBuffer.hpp; sourceTree = "<group>"; };
		5634FEBF1E260E45006217AC /* Total.hpp */ = {isa = PBXFileReference; fileEncoding = 4; lastKnownFileType = sourcecode.cpp.h; path = Total.hpp; sourceTree = "<group>"; };
		5634FEC21E262BF3006217AC /* Mode.hpp */ = {isa = PBXFileReference; fileEncoding = 4; lastKnownFileType = sourcecode.cpp.h; path = Mode.hpp; sourceTree = "<group>"; };
		563690231E27E241009F1A35 /* README.md */ = {isa = PBXFileReference; fileEncoding = 4; lastKnownFileType = net.daringfireball.markdown; path = README.md; sourceTree = "<group>"; };
		563690251E27E274009F1A35 /* .gitignore */ = {isa = PBXFileReference; lastKnownFileType = text; path = .gitignore; sourceTree = "<group>"; };
		5637B4831DE4806F00589544 /* Exception.hpp */ = {isa = PBXFileReference; fileEncoding = 4; lastKnownFileType = sourcecode.cpp.h; path = Exception.hpp; sourceTree = "<group>"; };
		563C70E51DAB3C5700CCD81F /* CrossChronox.app */ = {isa = PBXFileReference; explicitFileType = wrapper.application; includeInIndex = 0; path = CrossChronox.app; sourceTree = BUILT_PRODUCTS_DIR; };
		563C70E91DAB3C5700CCD81F /* CrossChronox-Info.plist */ = {isa = PBXFileReference; lastKnownFileType = text.plist.xml; path = "CrossChronox-Info.plist"; sourceTree = "<group>"; };
		563C70FD1DAB3C9000CCD81F /* Application.cpp */ = {isa = PBXFileReference; fileEncoding = 4; lastKnownFileType = sourcecode.cpp.cpp; path = Application.cpp; sourceTree = "<group>"; };
		563C70FE1DAB3C9000CCD81F /* Application.hpp */ = {isa = PBXFileReference; fileEncoding = 4; lastKnownFileType = sourcecode.cpp.h; path = Application.hpp; sourceTree = "<group>"; };
		563C71031DAB3C9000CCD81F /* main.cpp */ = {isa = PBXFileReference; fileEncoding = 4; lastKnownFileType = sourcecode.cpp.cpp; path = main.cpp; sourceTree = "<group>"; };
		563C71081DAB3C9000CCD81F /* pch.hpp */ = {isa = PBXFileReference; fileEncoding = 4; lastKnownFileType = sourcecode.cpp.h; path = pch.hpp; sourceTree = "<group>"; };
		563C710E1DAB3C9000CCD81F /* SceneManager.cpp */ = {isa = PBXFileReference; fileEncoding = 4; lastKnownFileType = sourcecode.cpp.cpp; path = SceneManager.cpp; sourceTree = "<group>"; };
		563C710F1DAB3C9000CCD81F /* SceneManager.hpp */ = {isa = PBXFileReference; fileEncoding = 4; lastKnownFileType = sourcecode.cpp.h; path = SceneManager.hpp; sourceTree = "<group>"; };
		563C71371DABD71C00CCD81F /* BmsLoader.cpp */ = {isa = PBXFileReference; fileEncoding = 4; lastKnownFileType = sourcecode.cpp.cpp; path = BmsLoader.cpp; sourceTree = "<group>"; };
		563C71381DABD71C00CCD81F /* BmsLoader.hpp */ = {isa = PBXFileReference; fileEncoding = 4; lastKnownFileType = sourcecode.cpp.h; path = BmsLoader.hpp; sourceTree = "<group>"; };
		563C71401DABD7E400CCD81F /* PlayScore.cpp */ = {isa = PBXFileReference; fileEncoding = 4; lastKnownFileType = sourcecode.cpp.cpp; path = PlayScore.cpp; sourceTree = "<group>"; };
		563C71411DABD7E400CCD81F /* PlayScore.hpp */ = {isa = PBXFileReference; fileEncoding = 4; lastKnownFileType = sourcecode.cpp.h; path = PlayScore.hpp; sourceTree = "<group>"; };
		566C26AB1E530EF40041B70B /* Path.hpp */ = {isa = PBXFileReference; fileEncoding = 4; lastKnownFileType = sourcecode.cpp.h; path = Path.hpp; sourceTree = "<group>"; };
		566C26AE1E530FD80041B70B /* InputManager.cpp */ = {isa = PBXFileReference; fileEncoding = 4; lastKnownFileType = sourcecode.cpp.cpp; path = InputManager.cpp; sourceTree = "<group>"; };
		566C26AF1E530FD80041B70B /* InputManager.hpp */ = {isa = PBXFileReference; fileEncoding = 4; lastKnownFileType = sourcecode.cpp.h; path = InputManager.hpp; sourceTree = "<group>"; };
		569BC01F1EA75A0D006E3CF3 /* Account.hpp */ = {isa = PBXFileReference; fileEncoding = 4; lastKnownFileType = sourcecode.cpp.h; path = Account.hpp; sourceTree = "<group>"; };
		56A1D4121E9B3F5A0092BBFD /* PlayOption.hpp */ = {isa = PBXFileReference; fileEncoding = 4; lastKnownFileType = sourcecode.cpp.h; path = PlayOption.hpp; sourceTree = "<group>"; };
		56D4A2661E05416800198EF6 /* Scene.cpp */ = {isa = PBXFileReference; fileEncoding = 4; lastKnownFileType = sourcecode.cpp.cpp; path = Scene.cpp; sourceTree = "<group>"; };
		56D4A2671E05416800198EF6 /* Scene.hpp */ = {isa = PBXFileReference; fileEncoding = 4; lastKnownFileType = sourcecode.cpp.h; path = Scene.hpp; sourceTree = "<group>"; };
		56EAC9FD1DCC191A00511911 /* ScorePlayer.cpp */ = {isa = PBXFileReference; fileEncoding = 4; lastKnownFileType = sourcecode.cpp.cpp; path = ScorePlayer.cpp; sourceTree = "<group>"; };
		56EAC9FE1DCC191A00511911 /* ScorePlayer.hpp */ = {isa = PBXFileReference; fileEncoding = 4; lastKnownFileType = sourcecode.cpp.h; path = ScorePlayer.hpp; sourceTree = "<group>"; };
		56EACA041DCC509300511911 /* TimeManager.cpp */ = {isa = PBXFileReference; fileEncoding = 4; lastKnownFileType = sourcecode.cpp.cpp; path = TimeManager.cpp; sourceTree = "<group>"; };
		56EACA051DCC509300511911 /* TimeManager.hpp */ = {isa = PBXFileReference; fileEncoding = 4; lastKnownFileType = sourcecode.cpp.h; path = TimeManager.hpp; sourceTree = "<group>"; };
		56F1CB4A1DEB2D78007BD827 /* WavManager.hpp */ = {isa = PBXFileReference; fileEncoding = 4; lastKnownFileType = sourcecode.cpp.h; path = WavManager.hpp; sourceTree = "<group>"; };
		56FD88541EA1E47100F5AF91 /* Setting.hpp */ = {isa = PBXFileReference; fileEncoding = 4; lastKnownFileType = sourcecode.cpp.h; path = Setting.hpp; sourceTree = "<group>"; };
		752486951FAC2A8700FC55FE /* AppKit.framework */ = {isa = PBXFileReference; lastKnownFileType = wrapper.framework; name = AppKit.framework; path = System/Library/Frameworks/AppKit.framework; sourceTree = SDKROOT; };
		758E7EA72D67943400FBB8F3 /* libFLAC.a */ = {isa = PBXFileReference; lastKnownFileType = archive.ar; name = libFLAC.a; path = "vcpkg_installed/x64-osx/lib/libFLAC.a"; sourceTree = "<group>"; };
		758E7EA82D67943400FBB8F3 /* libsfml-network-s.a */ = {isa = PBXFileReference; lastKnownFileType = archive.ar; name = "libsfml-network-s.a"; path = "vcpkg_installed/x64-osx/lib/libsfml-network-s.a"; sourceTree = "<group>"; };
		758E7EA92D67943400FBB8F3 /* libFLAC++.a */ = {isa = PBXFileReference; lastKnownFileType = archive.ar; name = "libFLAC++.a"; path = "vcpkg_installed/x64-osx/lib/libFLAC++.a"; sourceTree = "<group>"; };
		758E7EAA2D67943400FBB8F3 /* libvorbis.a */ = {isa = PBXFileReference; lastKnownFileType = archive.ar; name = libvorbis.a; path = "vcpkg_installed/x64-osx/lib/libvorbis.a"; sourceTree = "<group>"; };
		758E7EAB2D67943400FBB8F3 /* libvorbisenc.a */ = {isa = PBXFileReference; lastKnownFileType = archive.ar; name = libvorbisenc.a; path = "vcpkg_installed/x64-osx/lib/libvorbisenc.a"; sourceTree = "<group>"; };
		758E7EAC2D67943400FBB8F3 /* libsfml-graphics-s.a */ = {isa = PBXFileReference; lastKnownFileType = archive.ar; name = "libsfml-graphics-s.a"; path = "vcpkg_installed/x64-osx/lib/libsfml-graphics-s.a"; sourceTree = "<group>"; };
		758E7EAD2D67943500FBB8F3 /* libboost_regex.a */ = {isa = PBXFileReference; lastKnownFileType = archive.ar; name = libboost_regex.a; path = "vcpkg_installed/x64-osx/lib/libboost_regex.a"; sourceTree = "<group>"; };
		758E7EAE2D67943500FBB8F3 /* libcryptopp.a */ = {isa = PBXFileReference; lastKnownFileType = archive.ar; name = libcryptopp.a; path = "vcpkg_installed/x64-osx/lib/libcryptopp.a"; sourceTree = "<group>"; };
		758E7EAF2D67943500FBB8F3 /* libopenal.a */ = {isa = PBXFileReference; lastKnownFileType = archive.ar; name = libopenal.a; path = "vcpkg_installed/x64-osx/lib/libopenal.a"; sourceTree = "<group>"; };
		758E7EB02D67943500FBB8F3 /* libogg.a */ = {isa = PBXFileReference; lastKnownFileType = archive.ar; name = libogg.a; path = "vcpkg_installed/x64-osx/lib/libogg.a"; sourceTree = "<group>"; };
		758E7EB12D67943500FBB8F3 /* libbrotlienc.a */ = {isa = PBXFileReference; lastKnownFileType = archive.ar; name = libbrotlienc.a; path = "vcpkg_installed/x64-osx/lib/libbrotlienc.a"; sourceTree = "<group>"; };
		758E7EB22D67943500FBB8F3 /* libsfml-window-s.a */ = {isa = PBXFileReference; lastKnownFileType = archive.ar; name = "libsfml-window-s.a"; path = "vcpkg_installed/x64-osx/lib/libsfml-window-s.a"; sourceTree = "<group>"; };
		758E7EB32D67943500FBB8F3 /* libsfml-system-s.a */ = {isa = PBXFileReference; lastKnownFileType = archive.ar; name = "libsfml-system-s.a"; path = "vcpkg_installed/x64-osx/lib/libsfml-system-s.a"; sourceTree = "<group>"; };
		758E7EB42D67943500FBB8F3 /* libz.a */ = {isa = PBXFileReference; lastKnownFileType = archive.ar; name = libz.a; path = "vcpkg_installed/x64-osx/lib/libz.a"; sourceTree = "<group>"; };
		758E7EB52D67943500FBB8F3 /* libpng.a */ = {isa = PBXFileReference; lastKnownFileType = archive.ar; name = libpng.a; path = "vcpkg_installed/x64-osx/lib/libpng.a"; sourceTree = "<group>"; };
		758E7EB62D67943500FBB8F3 /* libfreetype.a */ = {isa = PBXFileReference; lastKnownFileType = archive.ar; name = libfreetype.a; path = "vcpkg_installed/x64-osx/lib/libfreetype.a"; sourceTree = "<group>"; };
		758E7EB72D67943500FBB8F3 /* libbz2.a */ = {isa = PBXFileReference; lastKnownFileType = archive.ar; name = libbz2.a; path = "vcpkg_installed/x64-osx/lib/libbz2.a"; sourceTree = "<group>"; };
		758E7EB82D67943500FBB8F3 /* libvorbisfile.a */ = {isa = PBXFileReference; lastKnownFileType = archive.ar; name = libvorbisfile.a; path = "vcpkg_installed/x64-osx/lib/libvorbisfile.a"; sourceTree = "<group>"; };
		758E7EB92D67943500FBB8F3 /* libbrotlicommon.a */ = {isa = PBXFileReference; lastKnownFileType = archive.ar; name = libbrotlicommon.a; path = "vcpkg_installed/x64-osx/lib/libbrotlicommon.a"; sourceTree = "<group>"; };
		758E7EBA2D67943500FBB8F3 /* libsfml-audio-s.a */ = {isa = PBXFileReference; lastKnownFileType = archive.ar; name = "libsfml-audio-s.a"; path = "vcpkg_installed/x64-osx/lib/libsfml-audio-s.a"; sourceTree = "<group>"; };
		758E7EBB2D67943600FBB8F3 /* libpng16.a */ = {isa = PBXFileReference; lastKnownFileType = archive.ar; name = libpng16.a; path = "vcpkg_installed/x64-osx/lib/libpng16.a"; sourceTree = "<group>"; };
		758E7EBC2D67943600FBB8F3 /* libbrotlidec.a */ = {isa = PBXFileReference; lastKnownFileType = archive.ar; name = libbrotlidec.a; path = "vcpkg_installed/x64-osx/lib/libbrotlidec.a"; sourceTree = "<group>"; };
		758E7ED32D67983A00FBB8F3 /* CoreAudio.framework */ = {isa = PBXFileReference; lastKnownFileType = wrapper.framework; name = CoreAudio.framework; path = System/Library/Frameworks/CoreAudio.framework; sourceTree = SDKROOT; };
		758E7ED52D6798AE00FBB8F3 /* IOKit.framework */ = {isa = PBXFileReference; lastKnownFileType = wrapper.framework; name = IOKit.framework; path = System/Library/Frameworks/IOKit.framework; sourceTree = SDKROOT; };
		758E7ED72D6798CD00FBB8F3 /* CoreGraphics.framework */ = {isa = PBXFileReference; lastKnownFileType = wrapper.framework; name = CoreGraphics.framework; path = System/Library/Frameworks/CoreGraphics.framework; sourceTree = SDKROOT; };
		758E7ED92D67990700FBB8F3 /* ApplicationServices.framework */ = {isa = PBXFileReference; lastKnownFileType = wrapper.framework; name = ApplicationServices.framework; path = System/Library/Frameworks/ApplicationServices.framework; sourceTree = SDKROOT; };
		758E7EDB2D67993900FBB8F3 /* CoreText.framework */ = {isa = PBXFileReference; lastKnownFileType = wrapper.framework; name = CoreText.framework; path = System/Library/Frameworks/CoreText.framework; sourceTree = SDKROOT; };
		758E7EDD2D67996900FBB8F3 /* Carbon.framework */ = {isa = PBXFileReference; lastKnownFileType = wrapper.framework; name = Carbon.framework; path = System/Library/Frameworks/Carbon.framework; sourceTree = SDKROOT; };
		758E7EDF2D679B7000FBB8F3 /* sfml-audio.framework */ = {isa = PBXFileReference; lastKnownFileType = wrapper.framework; name = "sfml-audio.framework"; path = "../../../../../Library/Frameworks/sfml-audio.framework"; sourceTree = "<group>"; };
		758E7EE02D679B7000FBB8F3 /* sfml-system.framework */ = {isa = PBXFileReference; lastKnownFileType = wrapper.framework; name = "sfml-system.framework"; path = "../../../../../Library/Frameworks/sfml-system.framework"; sourceTree = "<group>"; };
		758E7EE12D679B7000FBB8F3 /* sfml-window.framework */ = {isa = PBXFileReference; lastKnownFileType = wrapper.framework; name = "sfml-window.framework"; path = "../../../../../Library/Frameworks/sfml-window.framework"; sourceTree = "<group>"; };
		758E7EE22D679B7000FBB8F3 /* SFML.framework */ = {isa = PBXFileReference; lastKnownFileType = wrapper.framework; name = SFML.framework; path = ../../../../../Library/Frameworks/SFML.framework; sourceTree = "<group>"; };
		758E7EE32D679B7000FBB8F3 /* sfml-graphics.framework */ = {isa = PBXFileReference; lastKnownFileType = wrapper.framework; name = "sfml-graphics.framework"; path = "../../../../../Library/Frameworks/sfml-graphics.framework"; sourceTree = "<group>"; };
		758E7EE42D679B7000FBB8F3 /* sfml-network.framework */ = {isa = PBXFileReference; lastKnownFileType = wrapper.framework; name = "sfml-network.framework"; path = "../../../../../Library/Frameworks/sfml-network.framework"; sourceTree = "<group>"; };
/* End PBXFileReference section */

/* Begin PBXFrameworksBuildPhase section */
		563C70E11DAB3C5700CCD81F /* Frameworks */ = {
			isa = PBXFrameworksBuildPhase;
			buildActionMask = 2147483647;
			files = (
				758E7EE52D679B7000FBB8F3 /* sfml-audio.framework in Frameworks */,
				758E7EE62D679B7000FBB8F3 /* sfml-system.framework in Frameworks */,
				758E7EE72D679B7000FBB8F3 /* sfml-window.framework in Frameworks */,
				758E7EE82D679B7000FBB8F3 /* SFML.framework in Frameworks */,
				758E7EE92D679B7000FBB8F3 /* sfml-graphics.framework in Frameworks */,
				758E7EEA2D679B7000FBB8F3 /* sfml-network.framework in Frameworks */,
				758E7EDE2D67996900FBB8F3 /* Carbon.framework in Frameworks */,
				758E7EDC2D67993A00FBB8F3 /* CoreText.framework in Frameworks */,
				758E7EDA2D67990700FBB8F3 /* ApplicationServices.framework in Frameworks */,
				758E7ED82D6798CE00FBB8F3 /* CoreGraphics.framework in Frameworks */,
				758E7ED62D6798AE00FBB8F3 /* IOKit.framework in Frameworks */,
				758E7ED42D67983A00FBB8F3 /* CoreAudio.framework in Frameworks */,
				758E7ECA2D67943600FBB8F3 /* libz.a in Frameworks */,
				752486961FAC2A8700FC55FE /* AppKit.framework in Frameworks */,
				758E7ECC2D67943600FBB8F3 /* libfreetype.a in Frameworks */,
				758E7EC42D67943600FBB8F3 /* libcryptopp.a in Frameworks */,
				758E7ED12D67943600FBB8F3 /* libpng16.a in Frameworks */,
				758E7ECB2D67943600FBB8F3 /* libpng.a in Frameworks */,
				758E7EC82D67943600FBB8F3 /* libsfml-window-s.a in Frameworks */,
				758E7EC22D67943600FBB8F3 /* libsfml-graphics-s.a in Frameworks */,
				758E7EC92D67943600FBB8F3 /* libsfml-system-s.a in Frameworks */,
				758E7EC62D67943600FBB8F3 /* libogg.a in Frameworks */,
				758E7EC02D67943600FBB8F3 /* libvorbis.a in Frameworks */,
				758E7ED22D67943600FBB8F3 /* libbrotlidec.a in Frameworks */,
				758E7EC52D67943600FBB8F3 /* libopenal.a in Frameworks */,
				758E7ED02D67943600FBB8F3 /* libsfml-audio-s.a in Frameworks */,
				758E7EBF2D67943600FBB8F3 /* libFLAC++.a in Frameworks */,
				758E7EBE2D67943600FBB8F3 /* libsfml-network-s.a in Frameworks */,
				758E7EBD2D67943600FBB8F3 /* libFLAC.a in Frameworks */,
				758E7ECE2D67943600FBB8F3 /* libvorbisfile.a in Frameworks */,
				758E7EC12D67943600FBB8F3 /* libvorbisenc.a in Frameworks */,
				758E7ECF2D67943600FBB8F3 /* libbrotlicommon.a in Frameworks */,
				758E7EC72D67943600FBB8F3 /* libbrotlienc.a in Frameworks */,
				758E7ECD2D67943600FBB8F3 /* libbz2.a in Frameworks */,
				758E7EC32D67943600FBB8F3 /* libboost_regex.a in Frameworks */,
			);
			runOnlyForDeploymentPostprocessing = 0;
		};
/* End PBXFrameworksBuildPhase section */

/* Begin PBXGroup section */
		562242A51E30FA57000C4921 /* Load */ = {
			isa = PBXGroup;
			children = (
				563C71371DABD71C00CCD81F /* BmsLoader.cpp */,
				563C71381DABD71C00CCD81F /* BmsLoader.hpp */,
			);
			path = Load;
			sourceTree = "<group>";
		};
		562242A61E30FA5C000C4921 /* Play */ = {
			isa = PBXGroup;
			children = (
				562242A71E30FB7B000C4921 /* JudgeManager.cpp */,
				562242A81E30FB7B000C4921 /* JudgeManager.hpp */,
				5634FEB71E260DF6006217AC /* Result.hpp */,
				56EAC9FD1DCC191A00511911 /* ScorePlayer.cpp */,
				56EAC9FE1DCC191A00511911 /* ScorePlayer.hpp */,
				56F1CB4A1DEB2D78007BD827 /* WavManager.hpp */,
				562C45DE1DFBAE0300E46B65 /* WavPlayer.hpp */,
				56A1D4121E9B3F5A0092BBFD /* PlayOption.hpp */,
				569BC01F1EA75A0D006E3CF3 /* Account.hpp */,
			);
			path = Play;
			sourceTree = "<group>";
		};
		56305A641E0BD97E00750B13 /* Filesystem */ = {
			isa = PBXGroup;
			children = (
				5614FD211DB0C2F30072FBC9 /* MD5.hpp */,
				566C26AB1E530EF40041B70B /* Path.hpp */,
				56305A6C1E0BDE3B00750B13 /* ScoreDirectoryInfo.hpp */,
				562F3BA51E0E12100022E9DA /* ScoreDirectoryLoader.hpp */,
				56305A691E0BDCAF00750B13 /* ScoreInfoBase.hpp */,
			);
			path = Filesystem;
			sourceTree = "<group>";
		};
		5634FEB31E260DF6006217AC /* ScoreData */ = {
			isa = PBXGroup;
			children = (
				5634FEB51E260DF6006217AC /* JudgeRank.hpp */,
				5634FEC21E262BF3006217AC /* Mode.hpp */,
				5634FEB91E260DF6006217AC /* ScoreData.hpp */,
				5634FEBB1E260DF6006217AC /* ScoreInfo.hpp */,
				5634FEBF1E260E45006217AC /* Total.hpp */,
				5634FEBD1E260DF6006217AC /* WavBuffer.hpp */,
			);
			path = ScoreData;
			sourceTree = "<group>";
		};
		563C70DB1DAB3C5700CCD81F = {
			isa = PBXGroup;
			children = (
				563C70E71DAB3C5700CCD81F /* CrossChronox */,
				563C71221DAB3D2B00CCD81F /* Frameworks */,
				563C70E61DAB3C5700CCD81F /* Products */,
				563C70E81DAB3C5700CCD81F /* Supporting Files */,
				563690251E27E274009F1A35 /* .gitignore */,
				563690231E27E241009F1A35 /* README.md */,
			);
			sourceTree = "<group>";
		};
		563C70E61DAB3C5700CCD81F /* Products */ = {
			isa = PBXGroup;
			children = (
				563C70E51DAB3C5700CCD81F /* CrossChronox.app */,
			);
			name = Products;
			sourceTree = "<group>";
		};
		563C70E71DAB3C5700CCD81F /* CrossChronox */ = {
			isa = PBXGroup;
			children = (
				56305A641E0BD97E00750B13 /* Filesystem */,
				563C71041DAB3C9000CCD81F /* Platform */,
				563C71091DAB3C9000CCD81F /* Scene */,
				563C71361DABD71C00CCD81F /* Score */,
				56EACA001DCC4FED00511911 /* System */,
				563C70FD1DAB3C9000CCD81F /* Application.cpp */,
				563C70FE1DAB3C9000CCD81F /* Application.hpp */,
				563C71031DAB3C9000CCD81F /* main.cpp */,
				563C71081DAB3C9000CCD81F /* pch.hpp */,
			);
			path = CrossChronox;
			sourceTree = "<group>";
		};
		563C70E81DAB3C5700CCD81F /* Supporting Files */ = {
			isa = PBXGroup;
			children = (
				563C70E91DAB3C5700CCD81F /* CrossChronox-Info.plist */,
			);
			path = "Supporting Files";
			sourceTree = "<group>";
		};
		563C71041DAB3C9000CCD81F /* Platform */ = {
			isa = PBXGroup;
			children = (
				562242A21E2FD33D000C4921 /* MessageBox.hpp */,
				562242A01E2FD221000C4921 /* MessageBox_macOS.mm */,
			);
			path = Platform;
			sourceTree = "<group>";
		};
		563C71091DAB3C9000CCD81F /* Scene */ = {
			isa = PBXGroup;
			children = (
				563C71401DABD7E400CCD81F /* PlayScore.cpp */,
				563C71411DABD7E400CCD81F /* PlayScore.hpp */,
				56D4A2661E05416800198EF6 /* Scene.cpp */,
				56D4A2671E05416800198EF6 /* Scene.hpp */,
				563C710E1DAB3C9000CCD81F /* SceneManager.cpp */,
				563C710F1DAB3C9000CCD81F /* SceneManager.hpp */,
				56305A611E0BD87100750B13 /* SelectMusic.cpp */,
				56305A621E0BD87100750B13 /* SelectMusic.hpp */,
			);
			path = Scene;
			sourceTree = "<group>";
		};
		563C71221DAB3D2B00CCD81F /* Frameworks */ = {
			isa = PBXGroup;
			children = (
				758E7EDF2D679B7000FBB8F3 /* sfml-audio.framework */,
				758E7EE32D679B7000FBB8F3 /* sfml-graphics.framework */,
				758E7EE42D679B7000FBB8F3 /* sfml-network.framework */,
				758E7EE02D679B7000FBB8F3 /* sfml-system.framework */,
				758E7EE12D679B7000FBB8F3 /* sfml-window.framework */,
				758E7EE22D679B7000FBB8F3 /* SFML.framework */,
				758E7EDD2D67996900FBB8F3 /* Carbon.framework */,
				758E7EDB2D67993900FBB8F3 /* CoreText.framework */,
				758E7ED92D67990700FBB8F3 /* ApplicationServices.framework */,
				758E7ED72D6798CD00FBB8F3 /* CoreGraphics.framework */,
				758E7ED52D6798AE00FBB8F3 /* IOKit.framework */,
				758E7ED32D67983A00FBB8F3 /* CoreAudio.framework */,
				758E7EAD2D67943500FBB8F3 /* libboost_regex.a */,
				758E7EB92D67943500FBB8F3 /* libbrotlicommon.a */,
				758E7EBC2D67943600FBB8F3 /* libbrotlidec.a */,
				758E7EB12D67943500FBB8F3 /* libbrotlienc.a */,
				758E7EB72D67943500FBB8F3 /* libbz2.a */,
				758E7EAE2D67943500FBB8F3 /* libcryptopp.a */,
				758E7EA72D67943400FBB8F3 /* libFLAC.a */,
				758E7EA92D67943400FBB8F3 /* libFLAC++.a */,
				758E7EB62D67943500FBB8F3 /* libfreetype.a */,
				758E7EB02D67943500FBB8F3 /* libogg.a */,
				758E7EAF2D67943500FBB8F3 /* libopenal.a */,
				758E7EB52D67943500FBB8F3 /* libpng.a */,
				758E7EBB2D67943600FBB8F3 /* libpng16.a */,
				758E7EBA2D67943500FBB8F3 /* libsfml-audio-s.a */,
				758E7EAC2D67943400FBB8F3 /* libsfml-graphics-s.a */,
				758E7EA82D67943400FBB8F3 /* libsfml-network-s.a */,
				758E7EB32D67943500FBB8F3 /* libsfml-system-s.a */,
				758E7EB22D67943500FBB8F3 /* libsfml-window-s.a */,
				758E7EAA2D67943400FBB8F3 /* libvorbis.a */,
				758E7EAB2D67943400FBB8F3 /* libvorbisenc.a */,
				758E7EB82D67943500FBB8F3 /* libvorbisfile.a */,
				758E7EB42D67943500FBB8F3 /* libz.a */,
				752486951FAC2A8700FC55FE /* AppKit.framework */,
			);
			name = Frameworks;
			sourceTree = "<group>";
		};
		563C71361DABD71C00CCD81F /* Score */ = {
			isa = PBXGroup;
			children = (
				562242A51E30FA57000C4921 /* Load */,
				562242A61E30FA5C000C4921 /* Play */,
				5634FEB31E260DF6006217AC /* ScoreData */,
			);
			path = Score;
			sourceTree = "<group>";
		};
		566C26AD1E530FD80041B70B /* Input */ = {
			isa = PBXGroup;
			children = (
				566C26AE1E530FD80041B70B /* InputManager.cpp */,
				566C26AF1E530FD80041B70B /* InputManager.hpp */,
			);
			path = Input;
			sourceTree = "<group>";
		};
		56EACA001DCC4FED00511911 /* System */ = {
			isa = PBXGroup;
			children = (
				566C26AD1E530FD80041B70B /* Input */,
				5637B4831DE4806F00589544 /* Exception.hpp */,
				56EACA041DCC509300511911 /* TimeManager.cpp */,
				56EACA051DCC509300511911 /* TimeManager.hpp */,
				56FD88541EA1E47100F5AF91 /* Setting.hpp */,
			);
			path = System;
			sourceTree = "<group>";
		};
/* End PBXGroup section */

/* Begin PBXNativeTarget section */
		563C70E41DAB3C5700CCD81F /* CrossChronox */ = {
			isa = PBXNativeTarget;
			buildConfigurationList = 563C70FA1DAB3C5700CCD81F /* Build configuration list for PBXNativeTarget "CrossChronox" */;
			buildPhases = (
				563C70E01DAB3C5700CCD81F /* Sources */,
				563C70E11DAB3C5700CCD81F /* Frameworks */,
				563C70E31DAB3C5700CCD81F /* ShellScript */,
				563C712E1DAB3D5600CCD81F /* CopyFiles */,
			);
			buildRules = (
			);
			dependencies = (
			);
			name = CrossChronox;
			productName = CrossChronox;
			productReference = 563C70E51DAB3C5700CCD81F /* CrossChronox.app */;
			productType = "com.apple.product-type.application";
		};
/* End PBXNativeTarget section */

/* Begin PBXProject section */
		563C70DC1DAB3C5700CCD81F /* Project object */ = {
			isa = PBXProject;
			attributes = {
				LastUpgradeCheck = 1320;
				ORGANIZATIONNAME = hyrorre;
				TargetAttributes = {
					563C70E41DAB3C5700CCD81F = {
						CreatedOnToolsVersion = 8.0;
						DevelopmentTeam = XXNJ6K5U32;
						ProvisioningStyle = Automatic;
					};
				};
			};
			buildConfigurationList = 563C70DF1DAB3C5700CCD81F /* Build configuration list for PBXProject "CrossChronox" */;
			compatibilityVersion = "Xcode 3.2";
			developmentRegion = en;
			hasScannedForEncodings = 0;
			knownRegions = (
				en,
				Base,
			);
			mainGroup = 563C70DB1DAB3C5700CCD81F;
			productRefGroup = 563C70E61DAB3C5700CCD81F /* Products */;
			projectDirPath = "";
			projectRoot = "";
			targets = (
				563C70E41DAB3C5700CCD81F /* CrossChronox */,
			);
		};
/* End PBXProject section */

/* Begin PBXShellScriptBuildPhase section */
		563C70E31DAB3C5700CCD81F /* ShellScript */ = {
			isa = PBXShellScriptBuildPhase;
			buildActionMask = 2147483647;
			files = (
			);
			inputPaths = (
			);
			outputPaths = (
			);
			runOnlyForDeploymentPostprocessing = 0;
			shellPath = /bin/sh;
			shellScript = "# This shell script simply copies required SFML dylibs/frameworks into the application bundle frameworks folder.\n# If you're using static libraries (which is not recommended) you should remove this script from your project.\n\n# SETTINGS\nCMAKE_INSTALL_FRAMEWORK_PREFIX=\"/Library/Frameworks\"\nCMAKE_INSTALL_LIB_PREFIX=\"/usr/local/lib\"\nFRAMEWORKS_FULL_PATH=\"$BUILT_PRODUCTS_DIR/$FRAMEWORKS_FOLDER_PATH/\"\n\n# Are we building a project that uses frameworks or dylibs?\ncase \"$SFML_BINARY_TYPE\" in\n    DYLIBS)\n        frameworks=\"false\"\n        ;;\n    *)\n        frameworks=\"true\"\n        ;;\nesac\n\n# Echoes to stderr\nerror () # $* message to display\n{\n    echo $* 1>&2\n    exit 2\n}\n\nassert () # $1 is a boolean, $2...N is an error message\n{\n    if [ $# -lt 2 ]\n    then\n        error \"Internal error in assert: not enough args\"\n    fi\n\n    if [ $1 -ne 0 ]\n    then\n        shift\n        error \"$*\"\n    fi\n}\n\nforce_remove () # $@ is some paths\n{\n    test $# -ge 1\n    assert $? \"force_remove() requires at least one parameter\"\n    rm -fr $@\n    assert $? \"couldn't remove $@\"\n}\n\ncopy () # $1 is a source, $2 is a destination\n{\n    test $# -eq 2\n    assert $? \"copy() requires two parameters\"\n    ditto \"$1\" \"$2\"\n    assert $? \"couldn't copy $1 to $2\"\n}\n\nrequire () # $1 is a SFML module like 'system' or 'audio'\n{\n    dest=\"$BUILT_PRODUCTS_DIR/$FRAMEWORKS_FOLDER_PATH/\"\n\n    if [ -z \"$1\" ]\n    then\n        error \"require() requires one parameter!\"\n    else\n        # clean potentially old stuff\n        force_remove \"$dest/libsfml-$1\"*\n        force_remove \"$dest/sfml-$1.framework\"\n\n        # copy SFML libraries\n        if [ \"$frameworks\" = \"true\" ]\n        then\n            source=\"$CMAKE_INSTALL_FRAMEWORK_PREFIX/sfml-$1.framework\"\n            target=\"sfml-$1.framework\"\n        elif [ \"$SFML_LINK_DYLIBS_SUFFIX\" = \"-d\" ]\n        then\n            source=\"$CMAKE_INSTALL_LIB_PREFIX/libsfml-$1-d.dylib\"\n            target=\"`readlink $source`\"\n        else\n            source=\"$CMAKE_INSTALL_LIB_PREFIX/libsfml-$1.dylib\"\n            target=\"`readlink $source`\"\n        fi\n\n        copy \"$source\" \"$dest/$target\"\n\n        # copy extra dependencies\n        if [ \"$1\" = \"audio\" ]\n        then\n            # copy \"FLAC\" \"ogg\" \"vorbis\" \"vorbisenc\" \"vorbisfile\" \"OpenAL\" frameworks too\n            for f in \"FLAC\" \"ogg\" \"vorbis\" \"vorbisenc\" \"vorbisfile\" \"OpenAL\"\n            do\n                copy \"$CMAKE_INSTALL_FRAMEWORK_PREFIX/$f.framework\" \"$dest/$f.framework\"\n            done\n        elif [ \"$1\" = \"graphics\" ]\n        then\n            copy \"$CMAKE_INSTALL_FRAMEWORK_PREFIX/freetype.framework\" \"$dest/freetype.framework\"\n        fi\n    fi\n}\n\nif [ -n \"$SFML_SYSTEM\" ]\nthen\n    require \"system\"\nfi\n\nif [ -n \"$SFML_AUDIO\" ]\nthen\n    require \"audio\"\nfi\n\nif [ -n \"$SFML_NETWORK\" ]\nthen\n    require \"network\"\nfi\n\nif [ -n \"$SFML_WINDOW\" ]\nthen\n    require \"window\"\nfi\n\nif [ -n \"$SFML_GRAPHICS\" ]\nthen\n    require \"graphics\"\nfi\n\n                ";
		};
/* End PBXShellScriptBuildPhase section */

/* Begin PBXSourcesBuildPhase section */
		563C70E01DAB3C5700CCD81F /* Sources */ = {
			isa = PBXSourcesBuildPhase;
			buildActionMask = 2147483647;
			files = (
				56EACA061DCC509300511911 /* TimeManager.cpp in Sources */,
				563C711D1DAB3C9000CCD81F /* SceneManager.cpp in Sources */,
				56D4A2681E05416800198EF6 /* Scene.cpp in Sources */,
				562242A91E30FB7B000C4921 /* JudgeManager.cpp in Sources */,
				563C71421DABD7E400CCD81F /* PlayScore.cpp in Sources */,
				563C713B1DABD71C00CCD81F /* BmsLoader.cpp in Sources */,
				566C26B01E530FD80041B70B /* InputManager.cpp in Sources */,
				56EAC9FF1DCC191A00511911 /* ScorePlayer.cpp in Sources */,
				562242A11E2FD221000C4921 /* MessageBox_macOS.mm in Sources */,
				563C71151DAB3C9000CCD81F /* Application.cpp in Sources */,
				563C71181DAB3C9000CCD81F /* main.cpp in Sources */,
				56305A631E0BD87100750B13 /* SelectMusic.cpp in Sources */,
			);
			runOnlyForDeploymentPostprocessing = 0;
		};
/* End PBXSourcesBuildPhase section */

/* Begin XCBuildConfiguration section */
		563C70F81DAB3C5700CCD81F /* Debug */ = {
			isa = XCBuildConfiguration;
			buildSettings = {
				CLANG_ANALYZER_LOCALIZABILITY_NONLOCALIZED = YES;
				CLANG_CXX_LANGUAGE_STANDARD = "c++20";
				CLANG_CXX_LIBRARY = "libc++";
				CLANG_WARN_BLOCK_CAPTURE_AUTORELEASING = YES;
				CLANG_WARN_BOOL_CONVERSION = YES;
				CLANG_WARN_COMMA = YES;
				CLANG_WARN_CONSTANT_CONVERSION = YES;
				CLANG_WARN_DEPRECATED_OBJC_IMPLEMENTATIONS = YES;
				CLANG_WARN_EMPTY_BODY = YES;
				CLANG_WARN_ENUM_CONVERSION = YES;
				CLANG_WARN_INFINITE_RECURSION = YES;
				CLANG_WARN_INT_CONVERSION = YES;
				CLANG_WARN_NON_LITERAL_NULL_CONVERSION = YES;
				CLANG_WARN_OBJC_IMPLICIT_RETAIN_SELF = YES;
				CLANG_WARN_OBJC_LITERAL_CONVERSION = YES;
				CLANG_WARN_QUOTED_INCLUDE_IN_FRAMEWORK_HEADER = YES;
				CLANG_WARN_RANGE_LOOP_ANALYSIS = YES;
				CLANG_WARN_STRICT_PROTOTYPES = YES;
				CLANG_WARN_SUSPICIOUS_MOVE = YES;
				CLANG_WARN_UNREACHABLE_CODE = YES;
				CLANG_WARN__DUPLICATE_METHOD_MATCH = YES;
				ENABLE_STRICT_OBJC_MSGSEND = YES;
				ENABLE_TESTABILITY = YES;
				FRAMEWORK_SEARCH_PATHS = (
					/Library/Frameworks/,
					"$(inherited)",
				);
				GCC_NO_COMMON_BLOCKS = YES;
				GCC_VERSION = com.apple.compilers.llvm.clang.1_0;
				GCC_WARN_64_TO_32_BIT_CONVERSION = YES;
				GCC_WARN_ABOUT_RETURN_TYPE = YES;
				GCC_WARN_UNDECLARED_SELECTOR = YES;
				GCC_WARN_UNINITIALIZED_AUTOS = YES;
				GCC_WARN_UNUSED_FUNCTION = YES;
				GCC_WARN_UNUSED_VARIABLE = YES;
				HEADER_SEARCH_PATHS = (
					/usr/local/include/,
					"$(inherited)",
				);
				LIBRARY_SEARCH_PATHS = (
					/usr/local/lib/,
					"$(inherited)",
				);
				MACOSX_DEPLOYMENT_TARGET = 10.7;
				ONLY_ACTIVE_ARCH = YES;
				OTHER_LDFLAGS = "$(inherited)";
				SFML_AUDIO = "$(SFML_LINK_PREFIX) sfml-audio$(SFML_LINK_SUFFIX)";
				SFML_BINARY_TYPE = FRAMEWORKS;
				SFML_GRAPHICS = "$(SFML_LINK_PREFIX) sfml-graphics$(SFML_LINK_SUFFIX)";
				SFML_LINK_DYLIBS_PREFIX = "-l";
				SFML_LINK_DYLIBS_SUFFIX = "";
				SFML_LINK_FRAMEWORKS_PREFIX = "-framework";
				SFML_LINK_FRAMEWORKS_SUFFIX = "";
				SFML_LINK_PREFIX = "$(SFML_LINK_$(SFML_BINARY_TYPE)_PREFIX)";
				SFML_LINK_SUFFIX = "$(SFML_LINK_$(SFML_BINARY_TYPE)_SUFFIX)";
				SFML_NETWORK = "$(SFML_LINK_PREFIX) sfml-network$(SFML_LINK_SUFFIX)";
				SFML_SYSTEM = "$(SFML_LINK_PREFIX) sfml-system$(SFML_LINK_SUFFIX)";
				SFML_WINDOW = "$(SFML_LINK_PREFIX) sfml-window$(SFML_LINK_SUFFIX)";
				SUPPORTED_PLATFORMS = macosx;
			};
			name = Debug;
		};
		563C70F91DAB3C5700CCD81F /* Release */ = {
			isa = XCBuildConfiguration;
			buildSettings = {
				CLANG_ANALYZER_LOCALIZABILITY_NONLOCALIZED = YES;
				CLANG_CXX_LANGUAGE_STANDARD = "c++20";
				CLANG_CXX_LIBRARY = "libc++";
				CLANG_WARN_BLOCK_CAPTURE_AUTORELEASING = YES;
				CLANG_WARN_BOOL_CONVERSION = YES;
				CLANG_WARN_COMMA = YES;
				CLANG_WARN_CONSTANT_CONVERSION = YES;
				CLANG_WARN_DEPRECATED_OBJC_IMPLEMENTATIONS = YES;
				CLANG_WARN_EMPTY_BODY = YES;
				CLANG_WARN_ENUM_CONVERSION = YES;
				CLANG_WARN_INFINITE_RECURSION = YES;
				CLANG_WARN_INT_CONVERSION = YES;
				CLANG_WARN_NON_LITERAL_NULL_CONVERSION = YES;
				CLANG_WARN_OBJC_IMPLICIT_RETAIN_SELF = YES;
				CLANG_WARN_OBJC_LITERAL_CONVERSION = YES;
				CLANG_WARN_QUOTED_INCLUDE_IN_FRAMEWORK_HEADER = YES;
				CLANG_WARN_RANGE_LOOP_ANALYSIS = YES;
				CLANG_WARN_STRICT_PROTOTYPES = YES;
				CLANG_WARN_SUSPICIOUS_MOVE = YES;
				CLANG_WARN_UNREACHABLE_CODE = YES;
				CLANG_WARN__DUPLICATE_METHOD_MATCH = YES;
				ENABLE_STRICT_OBJC_MSGSEND = YES;
				FRAMEWORK_SEARCH_PATHS = (
					/Library/Frameworks/,
					"$(inherited)",
				);
				GCC_NO_COMMON_BLOCKS = YES;
				GCC_VERSION = com.apple.compilers.llvm.clang.1_0;
				GCC_WARN_64_TO_32_BIT_CONVERSION = YES;
				GCC_WARN_ABOUT_RETURN_TYPE = YES;
				GCC_WARN_UNDECLARED_SELECTOR = YES;
				GCC_WARN_UNINITIALIZED_AUTOS = YES;
				GCC_WARN_UNUSED_FUNCTION = YES;
				GCC_WARN_UNUSED_VARIABLE = YES;
				HEADER_SEARCH_PATHS = (
					/usr/local/include/,
					"$(inherited)",
				);
				LIBRARY_SEARCH_PATHS = (
					/usr/local/lib/,
					"$(inherited)",
				);
				MACOSX_DEPLOYMENT_TARGET = 10.7;
				OTHER_LDFLAGS = "$(inherited)";
				SFML_AUDIO = "$(SFML_LINK_PREFIX) sfml-audio$(SFML_LINK_SUFFIX)";
				SFML_BINARY_TYPE = FRAMEWORKS;
				SFML_GRAPHICS = "$(SFML_LINK_PREFIX) sfml-graphics$(SFML_LINK_SUFFIX)";
				SFML_LINK_DYLIBS_PREFIX = "-l";
				SFML_LINK_DYLIBS_SUFFIX = "";
				SFML_LINK_FRAMEWORKS_PREFIX = "-framework";
				SFML_LINK_FRAMEWORKS_SUFFIX = "";
				SFML_LINK_PREFIX = "$(SFML_LINK_$(SFML_BINARY_TYPE)_PREFIX)";
				SFML_LINK_SUFFIX = "$(SFML_LINK_$(SFML_BINARY_TYPE)_SUFFIX)";
				SFML_NETWORK = "$(SFML_LINK_PREFIX) sfml-network$(SFML_LINK_SUFFIX)";
				SFML_SYSTEM = "$(SFML_LINK_PREFIX) sfml-system$(SFML_LINK_SUFFIX)";
				SFML_WINDOW = "$(SFML_LINK_PREFIX) sfml-window$(SFML_LINK_SUFFIX)";
				SUPPORTED_PLATFORMS = macosx;
			};
			name = Release;
		};
		563C70FB1DAB3C5700CCD81F /* Debug */ = {
			isa = XCBuildConfiguration;
			buildSettings = {
				CLANG_CXX_LANGUAGE_STANDARD = "c++20";
				CLANG_ENABLE_OBJC_WEAK = YES;
				CLANG_WARN_ASSIGN_ENUM = YES;
				CLANG_WARN_IMPLICIT_SIGN_CONVERSION = NO;
				CODE_SIGN_IDENTITY = "";
				CODE_SIGN_INJECT_BASE_ENTITLEMENTS = NO;
				CODE_SIGN_STYLE = Automatic;
				DEVELOPMENT_TEAM = "";
				FRAMEWORK_SEARCH_PATHS = (
					"$(inherited)",
					"$(LOCAL_LIBRARY_DIR)/Frameworks",
				);
				GCC_OPTIMIZATION_LEVEL = 0;
				GCC_PRECOMPILE_PREFIX_HEADER = YES;
				GCC_PREFIX_HEADER = CrossChronox/pch.hpp;
				GCC_PREPROCESSOR_DEFINITIONS = "";
				GCC_WARN_ABOUT_MISSING_FIELD_INITIALIZERS = YES;
				GCC_WARN_ABOUT_MISSING_PROTOTYPES = NO;
				GCC_WARN_INITIALIZER_NOT_FULLY_BRACKETED = YES;
				GCC_WARN_NON_VIRTUAL_DESTRUCTOR = YES;
				HEADER_SEARCH_PATHS = (
					"$(inherited)",
					"$(PROJECT_DIR)/CrossChronox",
					"$(PROJECT_DIR)/vcpkg_installed/x64-osx/include",
					"$(PROJECT_DIR)/vcpkg_installed/x64-osx/include/magic_enum",
				);
				INFOPLIST_FILE = "Supporting Files/CrossChronox-Info.plist";
				LD_RUNPATH_SEARCH_PATHS = "@loader_path/../Frameworks";
				LIBRARY_SEARCH_PATHS = (
					"$(PROJECT_DIR)/vcpkg_installed/x64-osx/lib",
					"$(inherited)",
				);
				MACOSX_DEPLOYMENT_TARGET = 11.0;
				ONLY_ACTIVE_ARCH = YES;
				OTHER_LDFLAGS = (
					"-lsfml-system-s",
					"-lsfml-window-s",
					"-lsfml-graphics-s",
					"-lsfml-audio-s",
					"-lsfml-network-s",
					"$(inherited)",
					"-framework",
					CoreAudio,
					"-framework",
					AudioToolbox,
					"-framework",
					CoreFoundation,
					"-framework",
					CoreAudio,
					"-framework",
					AudioToolbox,
					"-framework",
					CoreFoundation,
					"-framework",
					CoreGraphics,
					"-framework",
					ApplicationServices,
					"-framework",
					CoreText,
					"-framework",
					Carbon,
					"-liconv",
				);
				PRODUCT_BUNDLE_IDENTIFIER = hyrorre.crosschronox;
				PRODUCT_NAME = "$(TARGET_NAME)";
				PROVISIONING_PROFILE_SPECIFIER = "";
				SFML_BINARY_TYPE = "";
				SFML_LINK_FRAMEWORKS_PREFIX = "";
			};
			name = Debug;
		};
		563C70FC1DAB3C5700CCD81F /* Release */ = {
			isa = XCBuildConfiguration;
			buildSettings = {
				CLANG_CXX_LANGUAGE_STANDARD = "c++20";
				CLANG_ENABLE_OBJC_WEAK = YES;
				CLANG_WARN_ASSIGN_ENUM = YES;
				CLANG_WARN_IMPLICIT_SIGN_CONVERSION = NO;
				CODE_SIGN_IDENTITY = "";
				CODE_SIGN_INJECT_BASE_ENTITLEMENTS = NO;
				CODE_SIGN_STYLE = Automatic;
				DEVELOPMENT_TEAM = "";
				FRAMEWORK_SEARCH_PATHS = (
					"$(inherited)",
					"$(LOCAL_LIBRARY_DIR)/Frameworks",
				);
				GCC_OPTIMIZATION_LEVEL = 2;
				GCC_PRECOMPILE_PREFIX_HEADER = YES;
				GCC_PREFIX_HEADER = CrossChronox/pch.hpp;
				GCC_PREPROCESSOR_DEFINITIONS = "";
				GCC_WARN_ABOUT_MISSING_FIELD_INITIALIZERS = YES;
				GCC_WARN_ABOUT_MISSING_PROTOTYPES = NO;
				GCC_WARN_INITIALIZER_NOT_FULLY_BRACKETED = YES;
				GCC_WARN_NON_VIRTUAL_DESTRUCTOR = YES;
				HEADER_SEARCH_PATHS = (
					"$(inherited)",
					"$(PROJECT_DIR)/CrossChronox",
					"$(PROJECT_DIR)/vcpkg_installed/x64-osx/include",
					"$(PROJECT_DIR)/vcpkg_installed/x64-osx/include/magic_enum",
				);
				INFOPLIST_FILE = "Supporting Files/CrossChronox-Info.plist";
				LD_RUNPATH_SEARCH_PATHS = "@loader_path/../Frameworks";
				LIBRARY_SEARCH_PATHS = (
					"$(PROJECT_DIR)/vcpkg_installed/x64-osx/lib",
					"$(inherited)",
				);
				MACOSX_DEPLOYMENT_TARGET = 11.0;
				OTHER_LDFLAGS = (
					"-lsfml-system-s",
					"-lsfml-window-s",
					"-lsfml-graphics-s",
					"-lsfml-audio-s",
					"-lsfml-network-s",
					"$(inherited)",
					"-framework",
					CoreAudio,
					"-framework",
					AudioToolbox,
					"-framework",
					CoreFoundation,
					"-framework",
					CoreAudio,
					"-framework",
					AudioToolbox,
					"-framework",
					CoreFoundation,
					"-framework",
					CoreGraphics,
					"-framework",
					ApplicationServices,
					"-framework",
					CoreText,
					"-framework",
					Carbon,
					"-liconv",
				);
				PRODUCT_BUNDLE_IDENTIFIER = hyrorre.crosschronox;
				PRODUCT_NAME = "$(TARGET_NAME)";
				PROVISIONING_PROFILE_SPECIFIER = "";
				SFML_BINARY_TYPE = "";
				SFML_LINK_FRAMEWORKS_PREFIX = "";
			};
			name = Release;
		};
/* End XCBuildConfiguration section */

/* Begin XCConfigurationList section */
		563C70DF1DAB3C5700CCD81F /* Build configuration list for PBXProject "CrossChronox" */ = {
			isa = XCConfigurationList;
			buildConfigurations = (
				563C70F81DAB3C5700CCD81F /* Debug */,
				563C70F91DAB3C5700CCD81F /* Release */,
			);
			defaultConfigurationIsVisible = 0;
			defaultConfigurationName = Release;
		};
		563C70FA1DAB3C5700CCD81F /* Build configuration list for PBXNativeTarget "CrossChronox" */ = {
			isa = XCConfigurationList;
			buildConfigurations = (
				563C70FB1DAB3C5700CCD81F /* Debug */,
				563C70FC1DAB3C5700CCD81F /* Release */,
			);
			defaultConfigurationIsVisible = 0;
			defaultConfigurationName = Release;
		};
/* End XCConfigurationList section */
	};
	rootObject = 563C70DC1DAB3C5700CCD81F /* Project object */;
}
