// !$*UTF8*$!
{
	archiveVersion = 1;
	classes = {
	};
	objectVersion = 46;
	objects = {

/* Begin PBXBuildFile section */
		5614FD221DB0C2F30072FBC9 = {
			isa = PBXBuildFile;
			fileRef = 5614FD201DB0C2F30072FBC9;
		};
		562242A11E2FD221000C4921 = {
			isa = PBXBuildFile;
			fileRef = 562242A01E2FD221000C4921;
		};
		562242A41E2FDAD4000C4921 = {
			isa = PBXBuildFile;
			fileRef = 562242A31E2FDAD4000C4921;
		};
		562242A91E30FB7B000C4921 = {
			isa = PBXBuildFile;
			fileRef = 562242A71E30FB7B000C4921;
		};
		562C45DF1DFBAE0300E46B65 = {
			isa = PBXBuildFile;
			fileRef = 562C45DD1DFBAE0300E46B65;
		};
		562F3BA61E0E12100022E9DA = {
			isa = PBXBuildFile;
			fileRef = 562F3BA41E0E12100022E9DA;
		};
		562F3BA91E0E32370022E9DA = {
			isa = PBXBuildFile;
			fileRef = 562F3BA71E0E32370022E9DA;
		};
		56305A631E0BD87100750B13 = {
			isa = PBXBuildFile;
			fileRef = 56305A611E0BD87100750B13;
		};
		56305A6A1E0BDCAF00750B13 = {
			isa = PBXBuildFile;
			fileRef = 56305A681E0BDCAF00750B13;
		};
		56305A6D1E0BDE3B00750B13 = {
			isa = PBXBuildFile;
			fileRef = 56305A6B1E0BDE3B00750B13;
		};
		5634FEC01E260E45006217AC = {
			isa = PBXBuildFile;
			fileRef = 5634FEBE1E260E45006217AC;
		};
		5634FEC31E262BF3006217AC = {
			isa = PBXBuildFile;
			fileRef = 5634FEC11E262BF3006217AC;
		};
		5636901E1E27146A009F1A35 = {
			isa = PBXBuildFile;
			fileRef = 5634FEB41E260DF6006217AC;
		};
		5636901F1E27146C009F1A35 = {
			isa = PBXBuildFile;
			fileRef = 5634FEB61E260DF6006217AC;
		};
		563690201E27146D009F1A35 = {
			isa = PBXBuildFile;
			fileRef = 5634FEB81E260DF6006217AC;
		};
		563690211E27146F009F1A35 = {
			isa = PBXBuildFile;
			fileRef = 5634FEBA1E260DF6006217AC;
		};
		563690221E271471009F1A35 = {
			isa = PBXBuildFile;
			fileRef = 5634FEBC1E260DF6006217AC;
		};
		563C71151DAB3C9000CCD81F = {
			isa = PBXBuildFile;
			fileRef = 563C70FD1DAB3C9000CCD81F;
		};
		563C71181DAB3C9000CCD81F = {
			isa = PBXBuildFile;
			fileRef = 563C71031DAB3C9000CCD81F;
		};
		563C711A1DAB3C9000CCD81F = {
			isa = PBXBuildFile;
			fileRef = 563C71071DAB3C9000CCD81F;
		};
		563C711D1DAB3C9000CCD81F = {
			isa = PBXBuildFile;
			fileRef = 563C710E1DAB3C9000CCD81F;
		};
		563C712C1DAB3D3B00CCD81F = {
			isa = PBXBuildFile;
			fileRef = 563C712B1DAB3D3B00CCD81F;
		};
		563C712F1DAB3D6400CCD81F = {
			isa = PBXBuildFile;
			fileRef = 563C712B1DAB3D3B00CCD81F;
			settings = {
				ATTRIBUTES = (
					CodeSignOnCopy,
					RemoveHeadersOnCopy,
				);
			};
		};
		563C713B1DABD71C00CCD81F = {
			isa = PBXBuildFile;
			fileRef = 563C71371DABD71C00CCD81F;
		};
		563C71421DABD7E400CCD81F = {
			isa = PBXBuildFile;
			fileRef = 563C71401DABD7E400CCD81F;
		};
		563DD46C1E194698002B98A6 = {
			isa = PBXBuildFile;
			fileRef = 563DD4661E194698002B98A6;
		};
		563DD46D1E194698002B98A6 = {
			isa = PBXBuildFile;
			fileRef = 563DD4671E194698002B98A6;
		};
		563DD46E1E194698002B98A6 = {
			isa = PBXBuildFile;
			fileRef = 563DD4681E194698002B98A6;
		};
		563DD46F1E194698002B98A6 = {
			isa = PBXBuildFile;
			fileRef = 563DD4691E194698002B98A6;
		};
		563DD4701E194698002B98A6 = {
			isa = PBXBuildFile;
			fileRef = 563DD46A1E194698002B98A6;
		};
		563DD4711E194698002B98A6 = {
			isa = PBXBuildFile;
			fileRef = 563DD46B1E194698002B98A6;
		};
		565414BE1DB28186001E608A = {
			isa = PBXBuildFile;
			fileRef = 565414BD1DB28186001E608A;
		};
		566C26AC1E530EF40041B70B = {
			isa = PBXBuildFile;
			fileRef = 566C26AA1E530EF40041B70B;
		};
		566C26B01E530FD80041B70B = {
			isa = PBXBuildFile;
			fileRef = 566C26AE1E530FD80041B70B;
		};
		56B090631E180FD300EDB891 = {
			isa = PBXBuildFile;
			fileRef = 56B090601E180FD200EDB891;
		};
		56D4A2681E05416800198EF6 = {
			isa = PBXBuildFile;
			fileRef = 56D4A2661E05416800198EF6;
		};
		56E4C14E1E05756E008A4D0C = {
			isa = PBXBuildFile;
			fileRef = 56E4C14B1E05756E008A4D0C;
		};
		56E4C14F1E05756E008A4D0C = {
			isa = PBXBuildFile;
			fileRef = 56E4C14C1E05756E008A4D0C;
		};
		56E4C1501E05756E008A4D0C = {
			isa = PBXBuildFile;
			fileRef = 56E4C14D1E05756E008A4D0C;
		};
		56E4C15A1E0576C9008A4D0C = {
			isa = PBXBuildFile;
			fileRef = 56E4C14B1E05756E008A4D0C;
			settings = {
				ATTRIBUTES = (
					CodeSignOnCopy,
					RemoveHeadersOnCopy,
				);
			};
		};
		56E4C15B1E0576C9008A4D0C = {
			isa = PBXBuildFile;
			fileRef = 56E4C14C1E05756E008A4D0C;
			settings = {
				ATTRIBUTES = (
					CodeSignOnCopy,
					RemoveHeadersOnCopy,
				);
			};
		};
		56E4C15C1E0576C9008A4D0C = {
			isa = PBXBuildFile;
			fileRef = 56E4C14D1E05756E008A4D0C;
			settings = {
				ATTRIBUTES = (
					CodeSignOnCopy,
					RemoveHeadersOnCopy,
				);
			};
		};
		56EAC9FF1DCC191A00511911 = {
			isa = PBXBuildFile;
			fileRef = 56EAC9FD1DCC191A00511911;
		};
		56EACA061DCC509300511911 = {
			isa = PBXBuildFile;
			fileRef = 56EACA041DCC509300511911;
		};
		56F1CB4B1DEB2D78007BD827 = {
			isa = PBXBuildFile;
			fileRef = 56F1CB491DEB2D78007BD827;
		};
/* End PBXBuildFile section */

/* Begin PBXCopyFilesBuildPhase section */
		563C712E1DAB3D5600CCD81F = {
			isa = PBXCopyFilesBuildPhase;
			buildActionMask = 2147483647;
			dstPath = "";
			dstSubfolderSpec = 10;
			files = (
				56E4C15A1E0576C9008A4D0C,
				56E4C15B1E0576C9008A4D0C,
				56E4C15C1E0576C9008A4D0C,
				563C712F1DAB3D6400CCD81F,
			);
			runOnlyForDeploymentPostprocessing = 0;
		};
/* End PBXCopyFilesBuildPhase section */

/* Begin PBXFileReference section */
		5614FD201DB0C2F30072FBC9 = {
			isa = PBXFileReference;
			fileEncoding = 4;
			lastKnownFileType = sourcecode.cpp.cpp;
			path = MD5.cpp;
			sourceTree = "<group>";
		};
		5614FD211DB0C2F30072FBC9 = {
			isa = PBXFileReference;
			fileEncoding = 4;
			lastKnownFileType = sourcecode.cpp.h;
			path = MD5.hpp;
			sourceTree = "<group>";
		};
		562242A01E2FD221000C4921 = {
			isa = PBXFileReference;
			fileEncoding = 4;
			lastKnownFileType = sourcecode.cpp.objcpp;
			path = MessageBox_macOS.mm;
			sourceTree = "<group>";
		};
		562242A21E2FD33D000C4921 = {
			isa = PBXFileReference;
			lastKnownFileType = sourcecode.cpp.h;
			path = MessageBox.hpp;
			sourceTree = "<group>";
		};
		562242A31E2FDAD4000C4921 = {
			isa = PBXFileReference;
			lastKnownFileType = wrapper.framework;
			name = AppKit.framework;
			path = System/Library/Frameworks/AppKit.framework;
			sourceTree = SDKROOT;
		};
		562242A71E30FB7B000C4921 = {
			isa = PBXFileReference;
			fileEncoding = 4;
			lastKnownFileType = sourcecode.cpp.cpp;
			path = JudgeManager.cpp;
			sourceTree = "<group>";
		};
		562242A81E30FB7B000C4921 = {
			isa = PBXFileReference;
			fileEncoding = 4;
			lastKnownFileType = sourcecode.cpp.h;
			path = JudgeManager.hpp;
			sourceTree = "<group>";
		};
		562C45DD1DFBAE0300E46B65 = {
			isa = PBXFileReference;
			fileEncoding = 4;
			lastKnownFileType = sourcecode.cpp.cpp;
			path = WavPlayer.cpp;
			sourceTree = "<group>";
		};
		562C45DE1DFBAE0300E46B65 = {
			isa = PBXFileReference;
			fileEncoding = 4;
			lastKnownFileType = sourcecode.cpp.h;
			path = WavPlayer.hpp;
			sourceTree = "<group>";
		};
		562F3BA41E0E12100022E9DA = {
			isa = PBXFileReference;
			fileEncoding = 4;
			lastKnownFileType = sourcecode.cpp.cpp;
			path = ScoreDirectoryLoader.cpp;
			sourceTree = "<group>";
		};
		562F3BA51E0E12100022E9DA = {
			isa = PBXFileReference;
			fileEncoding = 4;
			lastKnownFileType = sourcecode.cpp.h;
			path = ScoreDirectoryLoader.hpp;
			sourceTree = "<group>";
		};
		562F3BA71E0E32370022E9DA = {
			isa = PBXFileReference;
			fileEncoding = 4;
			lastKnownFileType = sourcecode.cpp.cpp;
			path = DefaultFont.cpp;
			sourceTree = "<group>";
		};
		562F3BA81E0E32370022E9DA = {
			isa = PBXFileReference;
			fileEncoding = 4;
			lastKnownFileType = sourcecode.cpp.h;
			path = DefaultFont.hpp;
			sourceTree = "<group>";
		};
		56305A611E0BD87100750B13 = {
			isa = PBXFileReference;
			fileEncoding = 4;
			lastKnownFileType = sourcecode.cpp.cpp;
			path = SelectMusic.cpp;
			sourceTree = "<group>";
		};
		56305A621E0BD87100750B13 = {
			isa = PBXFileReference;
			fileEncoding = 4;
			lastKnownFileType = sourcecode.cpp.h;
			path = SelectMusic.hpp;
			sourceTree = "<group>";
		};
		56305A681E0BDCAF00750B13 = {
			isa = PBXFileReference;
			fileEncoding = 4;
			lastKnownFileType = sourcecode.cpp.cpp;
			path = ScoreInfoBase.cpp;
			sourceTree = "<group>";
		};
		56305A691E0BDCAF00750B13 = {
			isa = PBXFileReference;
			fileEncoding = 4;
			lastKnownFileType = sourcecode.cpp.h;
			path = ScoreInfoBase.hpp;
			sourceTree = "<group>";
		};
		56305A6B1E0BDE3B00750B13 = {
			isa = PBXFileReference;
			fileEncoding = 4;
			lastKnownFileType = sourcecode.cpp.cpp;
			path = ScoreDirectoryInfo.cpp;
			sourceTree = "<group>";
		};
		56305A6C1E0BDE3B00750B13 = {
			isa = PBXFileReference;
			fileEncoding = 4;
			lastKnownFileType = sourcecode.cpp.h;
			path = ScoreDirectoryInfo.hpp;
			sourceTree = "<group>";
		};
		5634FEB41E260DF6006217AC = {
			isa = PBXFileReference;
			lastKnownFileType = sourcecode.cpp.cpp;
			path = JudgeRank.cpp;
			sourceTree = "<group>";
		};
		5634FEB51E260DF6006217AC = {
			isa = PBXFileReference;
			lastKnownFileType = sourcecode.cpp.h;
			path = JudgeRank.hpp;
			sourceTree = "<group>";
		};
		5634FEB61E260DF6006217AC = {
			isa = PBXFileReference;
			lastKnownFileType = sourcecode.cpp.cpp;
			path = Result.cpp;
			sourceTree = "<group>";
		};
		5634FEB71E260DF6006217AC = {
			isa = PBXFileReference;
			lastKnownFileType = sourcecode.cpp.h;
			path = Result.hpp;
			sourceTree = "<group>";
		};
		5634FEB81E260DF6006217AC = {
			isa = PBXFileReference;
			lastKnownFileType = sourcecode.cpp.cpp;
			path = ScoreData.cpp;
			sourceTree = "<group>";
		};
		5634FEB91E260DF6006217AC = {
			isa = PBXFileReference;
			lastKnownFileType = sourcecode.cpp.h;
			path = ScoreData.hpp;
			sourceTree = "<group>";
		};
		5634FEBA1E260DF6006217AC = {
			isa = PBXFileReference;
			lastKnownFileType = sourcecode.cpp.cpp;
			path = ScoreInfo.cpp;
			sourceTree = "<group>";
		};
		5634FEBB1E260DF6006217AC = {
			isa = PBXFileReference;
			lastKnownFileType = sourcecode.cpp.h;
			path = ScoreInfo.hpp;
			sourceTree = "<group>";
		};
		5634FEBC1E260DF6006217AC = {
			isa = PBXFileReference;
			lastKnownFileType = sourcecode.cpp.cpp;
			path = WavBuffer.cpp;
			sourceTree = "<group>";
		};
		5634FEBD1E260DF6006217AC = {
			isa = PBXFileReference;
			lastKnownFileType = sourcecode.cpp.h;
			path = WavBuffer.hpp;
			sourceTree = "<group>";
		};
		5634FEBE1E260E45006217AC = {
			isa = PBXFileReference;
			fileEncoding = 4;
			lastKnownFileType = sourcecode.cpp.cpp;
			path = Total.cpp;
			sourceTree = "<group>";
		};
		5634FEBF1E260E45006217AC = {
			isa = PBXFileReference;
			fileEncoding = 4;
			lastKnownFileType = sourcecode.cpp.h;
			path = Total.hpp;
			sourceTree = "<group>";
		};
		5634FEC11E262BF3006217AC = {
			isa = PBXFileReference;
			fileEncoding = 4;
			lastKnownFileType = sourcecode.cpp.cpp;
			path = Mode.cpp;
			sourceTree = "<group>";
		};
		5634FEC21E262BF3006217AC = {
			isa = PBXFileReference;
			fileEncoding = 4;
			lastKnownFileType = sourcecode.cpp.h;
			path = Mode.hpp;
			sourceTree = "<group>";
		};
		563690231E27E241009F1A35 = {
			isa = PBXFileReference;
			fileEncoding = 4;
			lastKnownFileType = net.daringfireball.markdown;
			path = README.md;
			sourceTree = "<group>";
		};
		563690251E27E274009F1A35 = {
			isa = PBXFileReference;
			lastKnownFileType = text;
			path = .gitignore;
			sourceTree = "<group>";
		};
		5637B4831DE4806F00589544 = {
			isa = PBXFileReference;
			fileEncoding = 4;
			lastKnownFileType = sourcecode.cpp.h;
			path = Exception.hpp;
			sourceTree = "<group>";
		};
		563C70E51DAB3C5700CCD81F = {
			isa = PBXFileReference;
			explicitFileType = wrapper.application;
			includeInIndex = 0;
			path = CrossChronox.app;
			sourceTree = BUILT_PRODUCTS_DIR;
		};
		563C70E91DAB3C5700CCD81F = {
			isa = PBXFileReference;
			lastKnownFileType = text.plist.xml;
			path = "CrossChronox-Info.plist";
			sourceTree = "<group>";
		};
		563C70FD1DAB3C9000CCD81F = {
			isa = PBXFileReference;
			fileEncoding = 4;
			lastKnownFileType = sourcecode.cpp.cpp;
			path = Application.cpp;
			sourceTree = "<group>";
		};
		563C70FE1DAB3C9000CCD81F = {
			isa = PBXFileReference;
			fileEncoding = 4;
			lastKnownFileType = sourcecode.cpp.h;
			path = Application.hpp;
			sourceTree = "<group>";
		};
		563C71031DAB3C9000CCD81F = {
			isa = PBXFileReference;
			fileEncoding = 4;
			lastKnownFileType = sourcecode.cpp.cpp;
			path = main.cpp;
			sourceTree = "<group>";
		};
		563C71071DAB3C9000CCD81F = {
			isa = PBXFileReference;
			fileEncoding = 4;
			lastKnownFileType = sourcecode.cpp.cpp;
			path = pch.cpp;
			sourceTree = "<group>";
		};
		563C71081DAB3C9000CCD81F = {
			isa = PBXFileReference;
			fileEncoding = 4;
			lastKnownFileType = sourcecode.cpp.h;
			path = pch.hpp;
			sourceTree = "<group>";
		};
		563C710E1DAB3C9000CCD81F = {
			isa = PBXFileReference;
			fileEncoding = 4;
			lastKnownFileType = sourcecode.cpp.cpp;
			path = SceneManager.cpp;
			sourceTree = "<group>";
		};
		563C710F1DAB3C9000CCD81F = {
			isa = PBXFileReference;
			fileEncoding = 4;
			lastKnownFileType = sourcecode.cpp.h;
			path = SceneManager.hpp;
			sourceTree = "<group>";
		};
		563C712B1DAB3D3B00CCD81F = {
			isa = PBXFileReference;
			lastKnownFileType = wrapper.framework;
			name = sfeMovie.framework;
			path = ../../../../../Library/Frameworks/sfeMovie.framework;
			sourceTree = "<group>";
		};
		563C71371DABD71C00CCD81F = {
			isa = PBXFileReference;
			fileEncoding = 4;
			lastKnownFileType = sourcecode.cpp.cpp;
			path = BmsLoader.cpp;
			sourceTree = "<group>";
		};
		563C71381DABD71C00CCD81F = {
			isa = PBXFileReference;
			fileEncoding = 4;
			lastKnownFileType = sourcecode.cpp.h;
			path = BmsLoader.hpp;
			sourceTree = "<group>";
		};
		563C71401DABD7E400CCD81F = {
			isa = PBXFileReference;
			fileEncoding = 4;
			lastKnownFileType = sourcecode.cpp.cpp;
			path = PlayScore.cpp;
			sourceTree = "<group>";
		};
		563C71411DABD7E400CCD81F = {
			isa = PBXFileReference;
			fileEncoding = 4;
			lastKnownFileType = sourcecode.cpp.h;
			path = PlayScore.hpp;
			sourceTree = "<group>";
		};
		563DD4661E194698002B98A6 = {
			isa = PBXFileReference;
			lastKnownFileType = archive.ar;
			name = "libboost_filesystem-mt.a";
			path = "../../../../../usr/local/lib/libboost_filesystem-mt.a";
			sourceTree = "<group>";
		};
		563DD4671E194698002B98A6 = {
			isa = PBXFileReference;
			lastKnownFileType = archive.ar;
			name = libboost_filesystem.a;
			path = ../../../../../usr/local/lib/libboost_filesystem.a;
			sourceTree = "<group>";
		};
		563DD4681E194698002B98A6 = {
			isa = PBXFileReference;
			lastKnownFileType = archive.ar;
			name = "libboost_serialization-mt.a";
			path = "../../../../../usr/local/lib/libboost_serialization-mt.a";
			sourceTree = "<group>";
		};
		563DD4691E194698002B98A6 = {
			isa = PBXFileReference;
			lastKnownFileType = archive.ar;
			name = libboost_serialization.a;
			path = ../../../../../usr/local/lib/libboost_serialization.a;
			sourceTree = "<group>";
		};
		563DD46A1E194698002B98A6 = {
			isa = PBXFileReference;
			lastKnownFileType = archive.ar;
			name = "libboost_system-mt.a";
			path = "../../../../../usr/local/lib/libboost_system-mt.a";
			sourceTree = "<group>";
		};
		563DD46B1E194698002B98A6 = {
			isa = PBXFileReference;
			lastKnownFileType = archive.ar;
			name = libboost_system.a;
			path = ../../../../../usr/local/lib/libboost_system.a;
			sourceTree = "<group>";
		};
		565414BD1DB28186001E608A = {
			isa = PBXFileReference;
			lastKnownFileType = archive.ar;
			name = libcryptopp.a;
			path = ../../../../../usr/local/Cellar/cryptopp/5.6.4/lib/libcryptopp.a;
			sourceTree = "<group>";
		};
		566C26AA1E530EF40041B70B = {
			isa = PBXFileReference;
			fileEncoding = 4;
			lastKnownFileType = sourcecode.cpp.cpp;
			path = Path.cpp;
			sourceTree = "<group>";
		};
		566C26AB1E530EF40041B70B = {
			isa = PBXFileReference;
			fileEncoding = 4;
			lastKnownFileType = sourcecode.cpp.h;
			path = Path.hpp;
			sourceTree = "<group>";
		};
		566C26AE1E530FD80041B70B = {
			isa = PBXFileReference;
			fileEncoding = 4;
			lastKnownFileType = sourcecode.cpp.cpp;
			path = InputManager.cpp;
			sourceTree = "<group>";
		};
		566C26AF1E530FD80041B70B = {
			isa = PBXFileReference;
			fileEncoding = 4;
			lastKnownFileType = sourcecode.cpp.h;
			path = InputManager.hpp;
			sourceTree = "<group>";
		};
		56B090601E180FD200EDB891 = {
			isa = PBXFileReference;
			lastKnownFileType = "compiled.mach-o.dylib";
			name = libiconv.2.dylib;
			path = ../../../../../usr/lib/libiconv.2.dylib;
			sourceTree = "<group>";
		};
		56D4A2661E05416800198EF6 = {
			isa = PBXFileReference;
			fileEncoding = 4;
			lastKnownFileType = sourcecode.cpp.cpp;
			path = Scene.cpp;
			sourceTree = "<group>";
		};
		56D4A2671E05416800198EF6 = {
			isa = PBXFileReference;
			fileEncoding = 4;
			lastKnownFileType = sourcecode.cpp.h;
			path = Scene.hpp;
			sourceTree = "<group>";
		};
		56E4C14B1E05756E008A4D0C = {
			isa = PBXFileReference;
			lastKnownFileType = wrapper.framework;
			name = QtCore.framework;
			path = ../../../../../Applications/Qt/5.7/clang_64/lib/QtCore.framework;
			sourceTree = "<group>";
		};
		56E4C14C1E05756E008A4D0C = {
			isa = PBXFileReference;
			lastKnownFileType = wrapper.framework;
			name = QtGui.framework;
			path = ../../../../../Applications/Qt/5.7/clang_64/lib/QtGui.framework;
			sourceTree = "<group>";
		};
		56E4C14D1E05756E008A4D0C = {
			isa = PBXFileReference;
			lastKnownFileType = wrapper.framework;
			name = QtWidgets.framework;
			path = ../../../../../Applications/Qt/5.7/clang_64/lib/QtWidgets.framework;
			sourceTree = "<group>";
		};
		56EAC9FD1DCC191A00511911 = {
			isa = PBXFileReference;
			fileEncoding = 4;
			lastKnownFileType = sourcecode.cpp.cpp;
			path = ScorePlayer.cpp;
			sourceTree = "<group>";
		};
		56EAC9FE1DCC191A00511911 = {
			isa = PBXFileReference;
			fileEncoding = 4;
			lastKnownFileType = sourcecode.cpp.h;
			path = ScorePlayer.hpp;
			sourceTree = "<group>";
		};
		56EACA041DCC509300511911 = {
			isa = PBXFileReference;
			fileEncoding = 4;
			lastKnownFileType = sourcecode.cpp.cpp;
			path = TimeManager.cpp;
			sourceTree = "<group>";
		};
		56EACA051DCC509300511911 = {
			isa = PBXFileReference;
			fileEncoding = 4;
			lastKnownFileType = sourcecode.cpp.h;
			path = TimeManager.hpp;
			sourceTree = "<group>";
		};
		56F1CB491DEB2D78007BD827 = {
			isa = PBXFileReference;
			fileEncoding = 4;
			lastKnownFileType = sourcecode.cpp.cpp;
			path = WavManager.cpp;
			sourceTree = "<group>";
		};
		56F1CB4A1DEB2D78007BD827 = {
			isa = PBXFileReference;
			fileEncoding = 4;
			lastKnownFileType = sourcecode.cpp.h;
			path = WavManager.hpp;
			sourceTree = "<group>";
		};
/* End PBXFileReference section */

/* Begin PBXFrameworksBuildPhase section */
		563C70E11DAB3C5700CCD81F = {
			isa = PBXFrameworksBuildPhase;
			buildActionMask = 2147483647;
			files = (
				562242A41E2FDAD4000C4921,
				56B090631E180FD300EDB891,
				56E4C14E1E05756E008A4D0C,
				56E4C14F1E05756E008A4D0C,
				563DD46E1E194698002B98A6,
				563DD4701E194698002B98A6,
				56E4C1501E05756E008A4D0C,
				563DD4711E194698002B98A6,
				565414BE1DB28186001E608A,
				563DD46C1E194698002B98A6,
				563DD46D1E194698002B98A6,
				563DD46F1E194698002B98A6,
				563C712C1DAB3D3B00CCD81F,
			);
			runOnlyForDeploymentPostprocessing = 0;
		};
/* End PBXFrameworksBuildPhase section */

/* Begin PBXGroup section */
		562242A51E30FA57000C4921 = {
			isa = PBXGroup;
			children = (
				563C71371DABD71C00CCD81F,
				563C71381DABD71C00CCD81F,
			);
			path = Load;
			sourceTree = "<group>";
		};
		562242A61E30FA5C000C4921 = {
			isa = PBXGroup;
			children = (
				562242A71E30FB7B000C4921,
				562242A81E30FB7B000C4921,
				5634FEB61E260DF6006217AC,
				5634FEB71E260DF6006217AC,
				56EAC9FD1DCC191A00511911,
				56EAC9FE1DCC191A00511911,
				56F1CB491DEB2D78007BD827,
				56F1CB4A1DEB2D78007BD827,
				562C45DD1DFBAE0300E46B65,
				562C45DE1DFBAE0300E46B65,
			);
			path = Play;
			sourceTree = "<group>";
		};
		56305A641E0BD97E00750B13 = {
			isa = PBXGroup;
			children = (
				5614FD201DB0C2F30072FBC9,
				5614FD211DB0C2F30072FBC9,
				566C26AA1E530EF40041B70B,
				566C26AB1E530EF40041B70B,
				56305A6B1E0BDE3B00750B13,
				56305A6C1E0BDE3B00750B13,
				562F3BA41E0E12100022E9DA,
				562F3BA51E0E12100022E9DA,
				56305A681E0BDCAF00750B13,
				56305A691E0BDCAF00750B13,
			);
			path = Filesystem;
			sourceTree = "<group>";
		};
		5634FEB31E260DF6006217AC = {
			isa = PBXGroup;
			children = (
				5634FEB41E260DF6006217AC,
				5634FEB51E260DF6006217AC,
				5634FEC11E262BF3006217AC,
				5634FEC21E262BF3006217AC,
				5634FEB81E260DF6006217AC,
				5634FEB91E260DF6006217AC,
				5634FEBA1E260DF6006217AC,
				5634FEBB1E260DF6006217AC,
				5634FEBE1E260E45006217AC,
				5634FEBF1E260E45006217AC,
				5634FEBC1E260DF6006217AC,
				5634FEBD1E260DF6006217AC,
			);
			path = ScoreData;
			sourceTree = "<group>";
		};
		563C70DB1DAB3C5700CCD81F = {
			isa = PBXGroup;
			children = (
				563C70E71DAB3C5700CCD81F,
				563C71221DAB3D2B00CCD81F,
				563C70E61DAB3C5700CCD81F,
				563C70EF1DAB3C5700CCD81F,
				563C70E81DAB3C5700CCD81F,
				563690251E27E274009F1A35,
				563690231E27E241009F1A35,
			);
			sourceTree = "<group>";
		};
		563C70E61DAB3C5700CCD81F = {
			isa = PBXGroup;
			children = (
				563C70E51DAB3C5700CCD81F,
			);
			name = Products;
			sourceTree = "<group>";
		};
		563C70E71DAB3C5700CCD81F = {
			isa = PBXGroup;
			children = (
				56305A641E0BD97E00750B13,
				563C71041DAB3C9000CCD81F,
				563C71091DAB3C9000CCD81F,
				563C71361DABD71C00CCD81F,
				56EACA001DCC4FED00511911,
				563C70FD1DAB3C9000CCD81F,
				563C70FE1DAB3C9000CCD81F,
				563C71031DAB3C9000CCD81F,
				563C71071DAB3C9000CCD81F,
				563C71081DAB3C9000CCD81F,
			);
			path = CrossChronox;
			sourceTree = "<group>";
		};
		563C70E81DAB3C5700CCD81F = {
			isa = PBXGroup;
			children = (
				563C70E91DAB3C5700CCD81F,
			);
			path = "Supporting Files";
			sourceTree = "<group>";
		};
		563C70EF1DAB3C5700CCD81F = {
			isa = PBXGroup;
			children = (
			);
			path = Resources;
			sourceTree = "<group>";
		};
		563C71041DAB3C9000CCD81F = {
			isa = PBXGroup;
			children = (
				562242A21E2FD33D000C4921,
				562242A01E2FD221000C4921,
			);
			path = Platform;
			sourceTree = "<group>";
		};
		563C71091DAB3C9000CCD81F = {
			isa = PBXGroup;
			children = (
				563C71401DABD7E400CCD81F,
				563C71411DABD7E400CCD81F,
				56D4A2661E05416800198EF6,
				56D4A2671E05416800198EF6,
				563C710E1DAB3C9000CCD81F,
				563C710F1DAB3C9000CCD81F,
				56305A611E0BD87100750B13,
				56305A621E0BD87100750B13,
			);
			path = Scene;
			sourceTree = "<group>";
		};
		563C71221DAB3D2B00CCD81F = {
			isa = PBXGroup;
			children = (
				562242A31E2FDAD4000C4921,
				563DD4661E194698002B98A6,
				563DD4671E194698002B98A6,
				563DD4681E194698002B98A6,
				563DD4691E194698002B98A6,
				563DD46A1E194698002B98A6,
				563DD46B1E194698002B98A6,
				56B090601E180FD200EDB891,
				56E4C14B1E05756E008A4D0C,
				56E4C14C1E05756E008A4D0C,
				56E4C14D1E05756E008A4D0C,
				565414BD1DB28186001E608A,
				563C712B1DAB3D3B00CCD81F,
			);
			name = Frameworks;
			sourceTree = "<group>";
		};
		563C71361DABD71C00CCD81F = {
			isa = PBXGroup;
			children = (
				562242A51E30FA57000C4921,
				562242A61E30FA5C000C4921,
				5634FEB31E260DF6006217AC,
			);
			path = Score;
			sourceTree = "<group>";
		};
		566C26AD1E530FD80041B70B = {
			isa = PBXGroup;
			children = (
				566C26AE1E530FD80041B70B,
				566C26AF1E530FD80041B70B,
			);
			path = Input;
			sourceTree = "<group>";
		};
		56EACA001DCC4FED00511911 = {
			isa = PBXGroup;
			children = (
				566C26AD1E530FD80041B70B,
				562F3BA71E0E32370022E9DA,
				562F3BA81E0E32370022E9DA,
				5637B4831DE4806F00589544,
				56EACA041DCC509300511911,
				56EACA051DCC509300511911,
			);
			path = System;
			sourceTree = "<group>";
		};
/* End PBXGroup section */

/* Begin PBXNativeTarget section */
		563C70E41DAB3C5700CCD81F = {
			isa = PBXNativeTarget;
			buildConfigurationList = 563C70FA1DAB3C5700CCD81F;
			buildPhases = (
				563C70E01DAB3C5700CCD81F,
				563C70E11DAB3C5700CCD81F,
				563C70E31DAB3C5700CCD81F,
				563C712E1DAB3D5600CCD81F,
			);
			buildRules = (
			);
			dependencies = (
			);
			name = CrossChronox;
			productName = CrossChronox;
			productReference = 563C70E51DAB3C5700CCD81F;
			productType = "com.apple.product-type.application";
		};
/* End PBXNativeTarget section */

/* Begin PBXProject section */
		563C70DC1DAB3C5700CCD81F = {
			isa = PBXProject;
			attributes = {
				LastUpgradeCheck = 0810;
				ORGANIZATIONNAME = hyrorre;
				TargetAttributes = {
					563C70E41DAB3C5700CCD81F = {
						CreatedOnToolsVersion = 8.0;
						DevelopmentTeam = XXNJ6K5U32;
						ProvisioningStyle = Automatic;
					};
				};
			};
			buildConfigurationList = 563C70DF1DAB3C5700CCD81F;
			compatibilityVersion = "Xcode 3.2";
			developmentRegion = English;
			hasScannedForEncodings = 0;
			knownRegions = (
				en,
			);
			mainGroup = 563C70DB1DAB3C5700CCD81F;
			productRefGroup = 563C70E61DAB3C5700CCD81F;
			projectDirPath = "";
			projectReferences = (
			);
			projectRoot = "";
			targets = (
				563C70E41DAB3C5700CCD81F,
			);
		};
/* End PBXProject section */

/* Begin PBXShellScriptBuildPhase section */
		563C70E31DAB3C5700CCD81F = {
			isa = PBXShellScriptBuildPhase;
			buildActionMask = 2147483647;
			files = (
			);
			inputPaths = (
			);
			outputPaths = (
			);
			runOnlyForDeploymentPostprocessing = 0;
			shellPath = /bin/sh;
			shellScript = "# This shell script simply copies required SFML dylibs/frameworks into the application bundle frameworks folder.\n# If you're using static libraries (which is not recommended) you should remove this script from your project.\n\n# SETTINGS\nCMAKE_INSTALL_FRAMEWORK_PREFIX=\"/Library/Frameworks\"\nCMAKE_INSTALL_LIB_PREFIX=\"/usr/local/lib\"\nFRAMEWORKS_FULL_PATH=\"$BUILT_PRODUCTS_DIR/$FRAMEWORKS_FOLDER_PATH/\"\n\n# Are we building a project that uses frameworks or dylibs?\ncase \"$SFML_BINARY_TYPE\" in\n    DYLIBS)\n        frameworks=\"false\"\n        ;;\n    *)\n        frameworks=\"true\"\n        ;;\nesac\n\n# Echoes to stderr\nerror () # $* message to display\n{\n    echo $* 1>&2\n    exit 2\n}\n\nassert () # $1 is a boolean, $2...N is an error message\n{\n    if [ $# -lt 2 ]\n    then\n        error \"Internal error in assert: not enough args\"\n    fi\n\n    if [ $1 -ne 0 ]\n    then\n        shift\n        error \"$*\"\n    fi\n}\n\nforce_remove () # $@ is some paths\n{\n    test $# -ge 1\n    assert $? \"force_remove() requires at least one parameter\"\n    rm -fr $@\n    assert $? \"couldn't remove $@\"\n}\n\ncopy () # $1 is a source, $2 is a destination\n{\n    test $# -eq 2\n    assert $? \"copy() requires two parameters\"\n    ditto \"$1\" \"$2\"\n    assert $? \"couldn't copy $1 to $2\"\n}\n\nrequire () # $1 is a SFML module like 'system' or 'audio'\n{\n    dest=\"$BUILT_PRODUCTS_DIR/$FRAMEWORKS_FOLDER_PATH/\"\n\n    if [ -z \"$1\" ]\n    then\n        error \"require() requires one parameter!\"\n    else\n        # clean potentially old stuff\n        force_remove \"$dest/libsfml-$1\"*\n        force_remove \"$dest/sfml-$1.framework\"\n\n        # copy SFML libraries\n        if [ \"$frameworks\" = \"true\" ]\n        then\n            source=\"$CMAKE_INSTALL_FRAMEWORK_PREFIX/sfml-$1.framework\"\n            target=\"sfml-$1.framework\"\n        elif [ \"$SFML_LINK_DYLIBS_SUFFIX\" = \"-d\" ]\n        then\n            source=\"$CMAKE_INSTALL_LIB_PREFIX/libsfml-$1-d.dylib\"\n            target=\"`readlink $source`\"\n        else\n            source=\"$CMAKE_INSTALL_LIB_PREFIX/libsfml-$1.dylib\"\n            target=\"`readlink $source`\"\n        fi\n\n        copy \"$source\" \"$dest/$target\"\n\n        # copy extra dependencies\n        if [ \"$1\" = \"audio\" ]\n        then\n            # copy \"FLAC\" \"ogg\" \"vorbis\" \"vorbisenc\" \"vorbisfile\" \"OpenAL\" frameworks too\n            for f in \"FLAC\" \"ogg\" \"vorbis\" \"vorbisenc\" \"vorbisfile\" \"OpenAL\"\n            do\n                copy \"$CMAKE_INSTALL_FRAMEWORK_PREFIX/$f.framework\" \"$dest/$f.framework\"\n            done\n        elif [ \"$1\" = \"graphics\" ]\n        then\n            copy \"$CMAKE_INSTALL_FRAMEWORK_PREFIX/freetype.framework\" \"$dest/freetype.framework\"\n        fi\n    fi\n}\n\nif [ -n \"$SFML_SYSTEM\" ]\nthen\n    require \"system\"\nfi\n\nif [ -n \"$SFML_AUDIO\" ]\nthen\n    require \"audio\"\nfi\n\nif [ -n \"$SFML_NETWORK\" ]\nthen\n    require \"network\"\nfi\n\nif [ -n \"$SFML_WINDOW\" ]\nthen\n    require \"window\"\nfi\n\nif [ -n \"$SFML_GRAPHICS\" ]\nthen\n    require \"graphics\"\nfi\n\n                ";
		};
/* End PBXShellScriptBuildPhase section */

/* Begin PBXSourcesBuildPhase section */
		563C70E01DAB3C5700CCD81F = {
			isa = PBXSourcesBuildPhase;
			buildActionMask = 2147483647;
			files = (
				562F3BA61E0E12100022E9DA,
				56EACA061DCC509300511911,
				563C711A1DAB3C9000CCD81F,
				563C711D1DAB3C9000CCD81F,
				562C45DF1DFBAE0300E46B65,
				56D4A2681E05416800198EF6,
				562242A91E30FB7B000C4921,
				56F1CB4B1DEB2D78007BD827,
				563C71421DABD7E400CCD81F,
				563C713B1DABD71C00CCD81F,
				566C26AC1E530EF40041B70B,
				5636901E1E27146A009F1A35,
				566C26B01E530FD80041B70B,
				56EAC9FF1DCC191A00511911,
				5636901F1E27146C009F1A35,
				56305A6D1E0BDE3B00750B13,
				563690201E27146D009F1A35,
				562F3BA91E0E32370022E9DA,
				562242A11E2FD221000C4921,
				563690221E271471009F1A35,
				563690211E27146F009F1A35,
				56305A6A1E0BDCAF00750B13,
				5634FEC01E260E45006217AC,
				5634FEC31E262BF3006217AC,
				563C71151DAB3C9000CCD81F,
				563C71181DAB3C9000CCD81F,
				5614FD221DB0C2F30072FBC9,
				56305A631E0BD87100750B13,
			);
			runOnlyForDeploymentPostprocessing = 0;
		};
/* End PBXSourcesBuildPhase section */

/* Begin XCBuildConfiguration section */
		563C70F81DAB3C5700CCD81F = {
			isa = XCBuildConfiguration;
			buildSettings = {
				CLANG_CXX_LANGUAGE_STANDARD = "c++0x";
				CLANG_CXX_LIBRARY = "libc++";
				CLANG_WARN_BOOL_CONVERSION = YES;
				CLANG_WARN_CONSTANT_CONVERSION = YES;
				CLANG_WARN_EMPTY_BODY = YES;
				CLANG_WARN_ENUM_CONVERSION = YES;
				CLANG_WARN_INFINITE_RECURSION = YES;
				CLANG_WARN_INT_CONVERSION = YES;
				CLANG_WARN_SUSPICIOUS_MOVE = YES;
				CLANG_WARN_UNREACHABLE_CODE = YES;
				CLANG_WARN__DUPLICATE_METHOD_MATCH = YES;
				ENABLE_STRICT_OBJC_MSGSEND = YES;
				ENABLE_TESTABILITY = YES;
				FRAMEWORK_SEARCH_PATHS = (
					/Library/Frameworks/,
					"$(inherited)",
				);
				GCC_NO_COMMON_BLOCKS = YES;
				GCC_VERSION = com.apple.compilers.llvm.clang.1_0;
				GCC_WARN_64_TO_32_BIT_CONVERSION = YES;
				GCC_WARN_ABOUT_RETURN_TYPE = YES;
				GCC_WARN_UNDECLARED_SELECTOR = YES;
				GCC_WARN_UNINITIALIZED_AUTOS = YES;
				GCC_WARN_UNUSED_FUNCTION = YES;
				GCC_WARN_UNUSED_VARIABLE = YES;
				HEADER_SEARCH_PATHS = (
					/usr/local/include/,
					"$(inherited)",
				);
				LIBRARY_SEARCH_PATHS = (
					/usr/local/lib/,
					"$(inherited)",
				);
				MACOSX_DEPLOYMENT_TARGET = 10.7;
				ONLY_ACTIVE_ARCH = YES;
				OTHER_LDFLAGS = (
					"$(inherited)",
					"$(SFML_SYSTEM)",
					"$(SFML_WINDOW)",
					"$(SFML_GRAPHICS)",
					"$(SFML_AUDIO)",
					"$(SFML_NETWORK)",
				);
				SFML_AUDIO = "$(SFML_LINK_PREFIX) sfml-audio$(SFML_LINK_SUFFIX)";
				SFML_BINARY_TYPE = FRAMEWORKS;
				SFML_GRAPHICS = "$(SFML_LINK_PREFIX) sfml-graphics$(SFML_LINK_SUFFIX)";
				SFML_LINK_DYLIBS_PREFIX = "-l";
				SFML_LINK_DYLIBS_SUFFIX = "";
				SFML_LINK_FRAMEWORKS_PREFIX = "-framework";
				SFML_LINK_FRAMEWORKS_SUFFIX = "";
				SFML_LINK_PREFIX = "$(SFML_LINK_$(SFML_BINARY_TYPE)_PREFIX)";
				SFML_LINK_SUFFIX = "$(SFML_LINK_$(SFML_BINARY_TYPE)_SUFFIX)";
				SFML_NETWORK = "$(SFML_LINK_PREFIX) sfml-network$(SFML_LINK_SUFFIX)";
				SFML_SYSTEM = "$(SFML_LINK_PREFIX) sfml-system$(SFML_LINK_SUFFIX)";
				SFML_WINDOW = "$(SFML_LINK_PREFIX) sfml-window$(SFML_LINK_SUFFIX)";
				SUPPORTED_PLATFORMS = macosx;
			};
			name = Debug;
		};
		563C70F91DAB3C5700CCD81F = {
			isa = XCBuildConfiguration;
			buildSettings = {
				CLANG_CXX_LANGUAGE_STANDARD = "c++0x";
				CLANG_CXX_LIBRARY = "libc++";
				CLANG_WARN_BOOL_CONVERSION = YES;
				CLANG_WARN_CONSTANT_CONVERSION = YES;
				CLANG_WARN_EMPTY_BODY = YES;
				CLANG_WARN_ENUM_CONVERSION = YES;
				CLANG_WARN_INFINITE_RECURSION = YES;
				CLANG_WARN_INT_CONVERSION = YES;
				CLANG_WARN_SUSPICIOUS_MOVE = YES;
				CLANG_WARN_UNREACHABLE_CODE = YES;
				CLANG_WARN__DUPLICATE_METHOD_MATCH = YES;
				ENABLE_STRICT_OBJC_MSGSEND = YES;
				FRAMEWORK_SEARCH_PATHS = (
					/Library/Frameworks/,
					"$(inherited)",
				);
				GCC_NO_COMMON_BLOCKS = YES;
				GCC_VERSION = com.apple.compilers.llvm.clang.1_0;
				GCC_WARN_64_TO_32_BIT_CONVERSION = YES;
				GCC_WARN_ABOUT_RETURN_TYPE = YES;
				GCC_WARN_UNDECLARED_SELECTOR = YES;
				GCC_WARN_UNINITIALIZED_AUTOS = YES;
				GCC_WARN_UNUSED_FUNCTION = YES;
				GCC_WARN_UNUSED_VARIABLE = YES;
				HEADER_SEARCH_PATHS = (
					/usr/local/include/,
					"$(inherited)",
				);
				LIBRARY_SEARCH_PATHS = (
					/usr/local/lib/,
					"$(inherited)",
				);
				MACOSX_DEPLOYMENT_TARGET = 10.7;
				OTHER_LDFLAGS = (
					"$(inherited)",
					"$(SFML_SYSTEM)",
					"$(SFML_WINDOW)",
					"$(SFML_GRAPHICS)",
					"$(SFML_AUDIO)",
					"$(SFML_NETWORK)",
				);
				SFML_AUDIO = "$(SFML_LINK_PREFIX) sfml-audio$(SFML_LINK_SUFFIX)";
				SFML_BINARY_TYPE = FRAMEWORKS;
				SFML_GRAPHICS = "$(SFML_LINK_PREFIX) sfml-graphics$(SFML_LINK_SUFFIX)";
				SFML_LINK_DYLIBS_PREFIX = "-l";
				SFML_LINK_DYLIBS_SUFFIX = "";
				SFML_LINK_FRAMEWORKS_PREFIX = "-framework";
				SFML_LINK_FRAMEWORKS_SUFFIX = "";
				SFML_LINK_PREFIX = "$(SFML_LINK_$(SFML_BINARY_TYPE)_PREFIX)";
				SFML_LINK_SUFFIX = "$(SFML_LINK_$(SFML_BINARY_TYPE)_SUFFIX)";
				SFML_NETWORK = "$(SFML_LINK_PREFIX) sfml-network$(SFML_LINK_SUFFIX)";
				SFML_SYSTEM = "$(SFML_LINK_PREFIX) sfml-system$(SFML_LINK_SUFFIX)";
				SFML_WINDOW = "$(SFML_LINK_PREFIX) sfml-window$(SFML_LINK_SUFFIX)";
				SUPPORTED_PLATFORMS = macosx;
			};
			name = Release;
		};
		563C70FB1DAB3C5700CCD81F = {
			isa = XCBuildConfiguration;
			buildSettings = {
				CLANG_CXX_LANGUAGE_STANDARD = "c++0x";
				CLANG_WARN_ASSIGN_ENUM = YES;
				CLANG_WARN_IMPLICIT_SIGN_CONVERSION = NO;
				DEVELOPMENT_TEAM = XXNJ6K5U32;
				FRAMEWORK_SEARCH_PATHS = (
					"$(inherited)",
					"$(LOCAL_LIBRARY_DIR)/Frameworks",
				);
				GCC_OPTIMIZATION_LEVEL = 0;
				GCC_PRECOMPILE_PREFIX_HEADER = YES;
				GCC_PREFIX_HEADER = CrossChronox/pch.hpp;
				GCC_WARN_ABOUT_MISSING_FIELD_INITIALIZERS = YES;
				GCC_WARN_ABOUT_MISSING_PROTOTYPES = NO;
				GCC_WARN_INITIALIZER_NOT_FULLY_BRACKETED = YES;
				GCC_WARN_NON_VIRTUAL_DESTRUCTOR = YES;
				HEADER_SEARCH_PATHS = (
					"$(inherited)",
					/Library/Frameworks/QtCore.framework/Headers,
					/Library/Frameworks/QtWidgets.framework/Headers,
					"$(PROJECT_DIR)/CrossChronox",
				);
				INFOPLIST_FILE = "Supporting Files/CrossChronox-Info.plist";
				LD_RUNPATH_SEARCH_PATHS = "@loader_path/../Frameworks";
				LIBRARY_SEARCH_PATHS = (
					"$(inherited)",
					/usr/local/Cellar/cryptopp/5.6.4/lib,
					/usr/local/Cellar/jpeg/8d/lib,
				);
				ONLY_ACTIVE_ARCH = YES;
				PRODUCT_BUNDLE_IDENTIFIER = "hyrorre.${PRODUCT_NAME:rfc1034identifier}";
				PRODUCT_NAME = "$(TARGET_NAME)";
			};
			name = Debug;
		};
		563C70FC1DAB3C5700CCD81F = {
			isa = XCBuildConfiguration;
			buildSettings = {
				CLANG_CXX_LANGUAGE_STANDARD = "c++0x";
				CLANG_WARN_ASSIGN_ENUM = YES;
				CLANG_WARN_IMPLICIT_SIGN_CONVERSION = NO;
				DEVELOPMENT_TEAM = XXNJ6K5U32;
				FRAMEWORK_SEARCH_PATHS = (
					"$(inherited)",
					"$(LOCAL_LIBRARY_DIR)/Frameworks",
				);
				GCC_OPTIMIZATION_LEVEL = 2;
				GCC_PRECOMPILE_PREFIX_HEADER = YES;
				GCC_PREFIX_HEADER = CrossChronox/pch.hpp;
				GCC_WARN_ABOUT_MISSING_FIELD_INITIALIZERS = YES;
				GCC_WARN_ABOUT_MISSING_PROTOTYPES = NO;
				GCC_WARN_INITIALIZER_NOT_FULLY_BRACKETED = YES;
				GCC_WARN_NON_VIRTUAL_DESTRUCTOR = YES;
				HEADER_SEARCH_PATHS = (
					"$(inherited)",
					/Library/Frameworks/QtCore.framework/Headers,
					/Library/Frameworks/QtWidgets.framework/Headers,
					"$(PROJECT_DIR)/CrossChronox",
				);
				INFOPLIST_FILE = "Supporting Files/CrossChronox-Info.plist";
				LD_RUNPATH_SEARCH_PATHS = "@loader_path/../Frameworks";
				LIBRARY_SEARCH_PATHS = (
					"$(inherited)",
					/usr/local/Cellar/cryptopp/5.6.4/lib,
					/usr/local/Cellar/jpeg/8d/lib,
				);
				PRODUCT_BUNDLE_IDENTIFIER = "hyrorre.${PRODUCT_NAME:rfc1034identifier}";
				PRODUCT_NAME = "$(TARGET_NAME)";
			};
			name = Release;
		};
/* End XCBuildConfiguration section */

/* Begin XCConfigurationList section */
		563C70DF1DAB3C5700CCD81F = {
			isa = XCConfigurationList;
			buildConfigurations = (
				563C70F81DAB3C5700CCD81F,
				563C70F91DAB3C5700CCD81F,
			);
			defaultConfigurationIsVisible = 0;
			defaultConfigurationName = Release;
		};
		563C70FA1DAB3C5700CCD81F = {
			isa = XCConfigurationList;
			buildConfigurations = (
				563C70FB1DAB3C5700CCD81F,
				563C70FC1DAB3C5700CCD81F,
			);
			defaultConfigurationIsVisible = 0;
			defaultConfigurationName = Release;
		};
/* End XCConfigurationList section */
	};
	rootObject = 563C70DC1DAB3C5700CCD81F;
}
